{
  "version": 4,
  "terraform_version": "1.6.3",
  "serial": 162,
  "lineage": "2a360a73-15a4-ce7d-de55-419036237d4d",
  "outputs": {},
  "resources": [
    {
      "module": "module.cloud_watch",
      "mode": "managed",
      "type": "aws_cloudwatch_event_rule",
      "name": "crawler_completion_rule",
      "provider": "provider[\"registry.terraform.io/hashicorp/aws\"]",
      "instances": [
        {
          "schema_version": 1,
          "attributes": {
            "arn": "arn:aws:events:eu-north-1:593793068814:rule/watch_crawler",
            "description": "Trigger Glue job afer crawler completes",
            "event_bus_name": "default",
            "event_pattern": "{\"detail\":{\"crawlerName\":[\"weather_crawler\"],\"state\":[\"SUCCEEDED\"]},\"detail_type\":[\"Glue Crawler State Change\"],\"source\":[\"aws.glue\"]}",
            "force_destroy": false,
            "id": "watch_crawler",
            "is_enabled": true,
            "name": "watch_crawler",
            "name_prefix": "",
            "role_arn": "",
            "schedule_expression": "",
            "state": "ENABLED",
            "tags": {},
            "tags_all": {}
          },
          "sensitive_attributes": [],
          "private": "eyJzY2hlbWFfdmVyc2lvbiI6IjEifQ==",
          "dependencies": [
            "module.glue.aws_glue_catalog_database.catalog",
            "module.glue_crawler.aws_glue_crawler.weather_crawler",
            "module.iam.aws_iam_role.glue_role",
            "module.s3.aws_s3_bucket.weather_bucket"
          ]
        }
      ]
    },
    {
      "module": "module.cloud_watch",
      "mode": "managed",
      "type": "aws_cloudwatch_event_target",
      "name": "trigger_glue_workflow",
      "provider": "provider[\"registry.terraform.io/hashicorp/aws\"]",
      "instances": [
        {
          "schema_version": 1,
          "attributes": {
            "appsync_target": [],
            "arn": "arn:aws:glue:eu-north-1:593793068814:workflow/Weather Workflow",
            "batch_target": [],
            "dead_letter_config": [],
            "ecs_target": [],
            "event_bus_name": "default",
            "force_destroy": false,
            "http_target": [],
            "id": "watch_crawler-terraform-20241121155142306300000001",
            "input": "",
            "input_path": "",
            "input_transformer": [],
            "kinesis_target": [],
            "redshift_target": [],
            "retry_policy": [],
            "role_arn": "arn:aws:iam::593793068814:role/CloudWatch_Role_Everything",
            "rule": "watch_crawler",
            "run_command_targets": [],
            "sagemaker_pipeline_target": [],
            "sqs_target": [],
            "target_id": "terraform-20241121155142306300000001"
          },
          "sensitive_attributes": [],
          "private": "eyJzY2hlbWFfdmVyc2lvbiI6IjEifQ==",
          "dependencies": [
            "module.cloud_watch.aws_cloudwatch_event_rule.crawler_completion_rule",
            "module.glue.aws_glue_catalog_database.catalog",
            "module.glue.aws_glue_workflow.data_processing_workflow",
            "module.glue_crawler.aws_glue_crawler.weather_crawler",
            "module.iam.aws_iam_role.cloudwatch_event_role",
            "module.iam.aws_iam_role.glue_role",
            "module.s3.aws_s3_bucket.weather_bucket"
          ]
        }
      ]
    },
    {
      "module": "module.dynamo",
      "mode": "managed",
      "type": "aws_dynamodb_table",
      "name": "file_status_table",
      "provider": "provider[\"registry.terraform.io/hashicorp/aws\"]",
      "instances": [
        {
          "schema_version": 1,
          "attributes": {
            "arn": "arn:aws:dynamodb:eu-north-1:593793068814:table/WeatherTable",
            "attribute": [
              {
                "name": "file_name",
                "type": "S"
              },
              {
                "name": "status",
                "type": "N"
              },
              {
                "name": "timestamp",
                "type": "S"
              }
            ],
            "billing_mode": "PAY_PER_REQUEST",
            "deletion_protection_enabled": false,
            "global_secondary_index": [
              {
                "hash_key": "status",
                "name": "status-index",
                "non_key_attributes": [],
                "on_demand_throughput": [],
                "projection_type": "ALL",
                "range_key": "",
                "read_capacity": 5,
                "write_capacity": 5
              }
            ],
            "hash_key": "file_name",
            "id": "WeatherTable",
            "import_table": [],
            "local_secondary_index": [],
            "name": "WeatherTable",
            "on_demand_throughput": [],
            "point_in_time_recovery": [
              {
                "enabled": false
              }
            ],
            "range_key": "timestamp",
            "read_capacity": 0,
            "replica": [],
            "restore_date_time": null,
            "restore_source_name": null,
            "restore_source_table_arn": null,
            "restore_to_latest_time": null,
            "server_side_encryption": [],
            "stream_arn": "",
            "stream_enabled": false,
            "stream_label": "",
            "stream_view_type": "",
            "table_class": "STANDARD",
            "tags": {
              "Name": "Weather-Table"
            },
            "tags_all": {
              "Name": "Weather-Table"
            },
            "timeouts": null,
            "ttl": [
              {
                "attribute_name": "",
                "enabled": false
              }
            ],
            "write_capacity": 0
          },
          "sensitive_attributes": [],
          "private": "eyJlMmJmYjczMC1lY2FhLTExZTYtOGY4OC0zNDM2M2JjN2M0YzAiOnsiY3JlYXRlIjoxODAwMDAwMDAwMDAwLCJkZWxldGUiOjYwMDAwMDAwMDAwMCwidXBkYXRlIjozNjAwMDAwMDAwMDAwfSwic2NoZW1hX3ZlcnNpb24iOiIxIn0="
        }
      ]
    },
    {
      "module": "module.glue",
      "mode": "managed",
      "type": "aws_glue_catalog_database",
      "name": "catalog",
      "provider": "provider[\"registry.terraform.io/hashicorp/aws\"]",
      "instances": [
        {
          "schema_version": 0,
          "attributes": {
            "arn": "arn:aws:glue:eu-north-1:593793068814:database/catalog_process",
            "catalog_id": "593793068814",
            "create_table_default_permission": [
              {
                "permissions": [
                  "ALL"
                ],
                "principal": [
                  {
                    "data_lake_principal_identifier": "IAM_ALLOWED_PRINCIPALS"
                  }
                ]
              }
            ],
            "description": "",
            "federated_database": [],
            "id": "593793068814:catalog_process",
            "location_uri": "",
            "name": "catalog_process",
            "parameters": {},
            "tags": {},
            "tags_all": {},
            "target_database": []
          },
          "sensitive_attributes": [],
          "private": "bnVsbA=="
        }
      ]
    },
    {
      "module": "module.glue",
      "mode": "managed",
      "type": "aws_glue_job",
      "name": "process_s3_data",
      "provider": "provider[\"registry.terraform.io/hashicorp/aws\"]",
      "instances": [
        {
          "schema_version": 0,
          "attributes": {
            "arn": "arn:aws:glue:eu-north-1:593793068814:job/Process_Data_Job",
            "command": [
              {
                "name": "glueetl",
                "python_version": "3",
                "runtime": "",
                "script_location": "s3://scripts-lazars/process_data.py"
              }
            ],
            "connections": [],
            "default_arguments": {
              "--input_data_path": "weather-lazars",
              "--output_data_path": "processed-lazars"
            },
            "description": "",
            "execution_class": "",
            "execution_property": [
              {
                "max_concurrent_runs": 1
              }
            ],
            "glue_version": "4.0",
            "id": "Process_Data_Job",
            "job_run_queuing_enabled": false,
            "maintenance_window": "",
            "max_capacity": 10,
            "max_retries": 0,
            "name": "Process_Data_Job",
            "non_overridable_arguments": {},
            "notification_property": [],
            "number_of_workers": 10,
            "role_arn": "arn:aws:iam::593793068814:role/Glue_Role_Everything",
            "security_configuration": "",
            "tags": {},
            "tags_all": {},
            "timeout": 60,
            "worker_type": "G.1X"
          },
          "sensitive_attributes": [],
          "private": "bnVsbA==",
          "dependencies": [
            "module.iam.aws_iam_role.glue_role",
            "module.s3.aws_s3_bucket.processed_data",
            "module.s3.aws_s3_bucket.script_bucket",
            "module.s3.aws_s3_bucket.weather_bucket"
          ]
        }
      ]
    },
    {
      "module": "module.glue",
      "mode": "managed",
      "type": "aws_glue_trigger",
      "name": "trigger_job",
      "provider": "provider[\"registry.terraform.io/hashicorp/aws\"]",
      "instances": [
        {
          "schema_version": 0,
          "attributes": {
            "actions": [
              {
                "arguments": null,
                "crawler_name": "",
                "job_name": "Process_Data_Job",
                "notification_property": [],
                "security_configuration": "",
                "timeout": 0
              }
            ],
            "arn": "arn:aws:glue:eu-north-1:593793068814:trigger/job_trigger",
            "description": "",
            "enabled": true,
            "event_batching_condition": [],
            "id": "job_trigger",
            "name": "job_trigger",
            "predicate": [
              {
                "conditions": [
                  {
                    "crawl_state": "",
                    "crawler_name": "",
                    "job_name": "weather_crawler",
                    "logical_operator": "EQUALS",
                    "state": "SUCCEEDED"
                  }
                ],
                "logical": "AND"
              }
            ],
            "schedule": "",
            "start_on_creation": null,
            "state": "ACTIVATED",
            "tags": null,
            "tags_all": {},
            "timeouts": null,
            "type": "CONDITIONAL",
            "workflow_name": "Weather Workflow"
          },
          "sensitive_attributes": [],
          "private": "eyJlMmJmYjczMC1lY2FhLTExZTYtOGY4OC0zNDM2M2JjN2M0YzAiOnsiY3JlYXRlIjozMDAwMDAwMDAwMDAsImRlbGV0ZSI6MzAwMDAwMDAwMDAwLCJ1cGRhdGUiOjMwMDAwMDAwMDAwMH19",
          "dependencies": [
            "module.glue.aws_glue_catalog_database.catalog",
            "module.glue.aws_glue_job.process_s3_data",
            "module.glue.aws_glue_workflow.data_processing_workflow",
            "module.glue_crawler.aws_glue_crawler.weather_crawler",
            "module.iam.aws_iam_role.glue_role",
            "module.s3.aws_s3_bucket.processed_data",
            "module.s3.aws_s3_bucket.script_bucket",
            "module.s3.aws_s3_bucket.weather_bucket"
          ]
        }
      ]
    },
    {
      "module": "module.glue",
      "mode": "managed",
      "type": "aws_glue_workflow",
      "name": "data_processing_workflow",
      "provider": "provider[\"registry.terraform.io/hashicorp/aws\"]",
      "instances": [
        {
          "schema_version": 0,
          "attributes": {
            "arn": "arn:aws:glue:eu-north-1:593793068814:workflow/Weather Workflow",
            "default_run_properties": null,
            "description": "Workflow to orchestrate Glue tasks",
            "id": "Weather Workflow",
            "max_concurrent_runs": 0,
            "name": "Weather Workflow",
            "tags": null,
            "tags_all": {}
          },
          "sensitive_attributes": [],
          "private": "bnVsbA=="
        }
      ]
    },
    {
      "module": "module.glue_crawler",
      "mode": "managed",
      "type": "aws_glue_crawler",
      "name": "weather_crawler",
      "provider": "provider[\"registry.terraform.io/hashicorp/aws\"]",
      "instances": [
        {
          "schema_version": 0,
          "attributes": {
            "arn": "arn:aws:glue:eu-north-1:593793068814:crawler/weather_crawler",
            "catalog_target": [],
            "classifiers": [],
            "configuration": "",
            "database_name": "catalog_process",
            "delta_target": [],
            "description": "",
            "dynamodb_target": [],
            "hudi_target": [],
            "iceberg_target": [],
            "id": "weather_crawler",
            "jdbc_target": [],
            "lake_formation_configuration": [
              {
                "account_id": "",
                "use_lake_formation_credentials": false
              }
            ],
            "lineage_configuration": [
              {
                "crawler_lineage_settings": "DISABLE"
              }
            ],
            "mongodb_target": [],
            "name": "weather_crawler",
            "recrawl_policy": [
              {
                "recrawl_behavior": "CRAWL_EVERYTHING"
              }
            ],
            "role": "Glue_Role_Everything",
            "s3_target": [
              {
                "connection_name": "",
                "dlq_event_queue_arn": "",
                "event_queue_arn": "",
                "exclusions": [],
                "path": "s3://weather-lazars",
                "sample_size": 0
              }
            ],
            "schedule": "cron(0 0 * * ? *)",
            "schema_change_policy": [
              {
                "delete_behavior": "DEPRECATE_IN_DATABASE",
                "update_behavior": "UPDATE_IN_DATABASE"
              }
            ],
            "security_configuration": "",
            "table_prefix": "",
            "tags": {},
            "tags_all": {}
          },
          "sensitive_attributes": [],
          "private": "bnVsbA==",
          "dependencies": [
            "module.glue.aws_glue_catalog_database.catalog",
            "module.iam.aws_iam_role.glue_role",
            "module.s3.aws_s3_bucket.weather_bucket"
          ]
        }
      ]
    },
    {
      "module": "module.iam",
      "mode": "data",
      "type": "aws_iam_policy_document",
      "name": "lambda_sqs_policy",
      "provider": "provider[\"registry.terraform.io/hashicorp/aws\"]",
      "instances": [
        {
          "schema_version": 0,
          "attributes": {
            "id": "1869427353",
            "json": "{\n  \"Version\": \"2012-10-17\",\n  \"Statement\": [\n    {\n      \"Effect\": \"Allow\",\n      \"Action\": [\n        \"sqs:ReceiveMessage\",\n        \"sqs:GetQueueAttributes\",\n        \"sqs:DeleteMessage\"\n      ],\n      \"Resource\": \"arn:aws:sqs:eu-north-1:593793068814:sqs_notification\"\n    },\n    {\n      \"Effect\": \"Allow\",\n      \"Action\": [\n        \"logs:*\",\n        \"cloudwatch:*\"\n      ],\n      \"Resource\": \"*\"\n    }\n  ]\n}",
            "minified_json": "{\"Version\":\"2012-10-17\",\"Statement\":[{\"Effect\":\"Allow\",\"Action\":[\"sqs:ReceiveMessage\",\"sqs:GetQueueAttributes\",\"sqs:DeleteMessage\"],\"Resource\":\"arn:aws:sqs:eu-north-1:593793068814:sqs_notification\"},{\"Effect\":\"Allow\",\"Action\":[\"logs:*\",\"cloudwatch:*\"],\"Resource\":\"*\"}]}",
            "override_json": null,
            "override_policy_documents": null,
            "policy_id": null,
            "source_json": null,
            "source_policy_documents": null,
            "statement": [
              {
                "actions": [
                  "sqs:DeleteMessage",
                  "sqs:GetQueueAttributes",
                  "sqs:ReceiveMessage"
                ],
                "condition": [],
                "effect": "Allow",
                "not_actions": [],
                "not_principals": [],
                "not_resources": [],
                "principals": [],
                "resources": [
                  "arn:aws:sqs:eu-north-1:593793068814:sqs_notification"
                ],
                "sid": ""
              },
              {
                "actions": [
                  "cloudwatch:*",
                  "logs:*"
                ],
                "condition": [],
                "effect": "Allow",
                "not_actions": [],
                "not_principals": [],
                "not_resources": [],
                "principals": [],
                "resources": [
                  "*"
                ],
                "sid": ""
              }
            ],
            "version": "2012-10-17"
          },
          "sensitive_attributes": []
        }
      ]
    },
    {
      "module": "module.iam",
      "mode": "managed",
      "type": "aws_iam_policy",
      "name": "glue_policy",
      "provider": "provider[\"registry.terraform.io/hashicorp/aws\"]",
      "instances": [
        {
          "schema_version": 0,
          "attributes": {
            "arn": "arn:aws:iam::593793068814:policy/Access_to_S3_and_Glue",
            "attachment_count": 1,
            "description": "Policy for Glue to access S3",
            "id": "arn:aws:iam::593793068814:policy/Access_to_S3_and_Glue",
            "name": "Access_to_S3_and_Glue",
            "name_prefix": "",
            "path": "/",
            "policy": "{\"Statement\":[{\"Action\":[\"s3:GetObject\",\"s3:ListBucket\"],\"Effect\":\"Allow\",\"Resource\":[\"arn:aws:s3:::weather-lazars/*\",\"arn:aws:s3:::scripts-lazars/*\"]},{\"Action\":\"glue:*\",\"Effect\":\"Allow\",\"Resource\":\"*\"}],\"Version\":\"2012-10-17\"}",
            "policy_id": "ANPAYUQGTF4HHFC34DYYW",
            "tags": {},
            "tags_all": {}
          },
          "sensitive_attributes": [],
          "private": "bnVsbA==",
          "dependencies": [
            "module.s3.aws_s3_bucket.script_bucket",
            "module.s3.aws_s3_bucket.weather_bucket"
          ]
        }
      ]
    },
    {
      "module": "module.iam",
      "mode": "managed",
      "type": "aws_iam_policy",
      "name": "lambda_secrets_policy",
      "provider": "provider[\"registry.terraform.io/hashicorp/aws\"]",
      "instances": [
        {
          "schema_version": 0,
          "attributes": {
            "arn": "arn:aws:iam::593793068814:policy/lambda_secrets_policy",
            "attachment_count": 0,
            "description": "",
            "id": "arn:aws:iam::593793068814:policy/lambda_secrets_policy",
            "name": "lambda_secrets_policy",
            "name_prefix": "",
            "path": "/",
            "policy": "{\"Statement\":[{\"Action\":[\"secretsmanager:GetSecretValue\"],\"Effect\":\"Allow\",\"Resource\":\"*\"},{\"Action\":[\"logs:CreateLogGroup\",\"logs:CreateLogStream\",\"logs:PutLogEvents\"],\"Effect\":\"Allow\",\"Resource\":\"*\"}],\"Version\":\"2012-10-17\"}",
            "policy_id": "ANPAYUQGTF4HB4HMHXJ6M",
            "tags": null,
            "tags_all": {}
          },
          "sensitive_attributes": [],
          "private": "bnVsbA=="
        }
      ]
    },
    {
      "module": "module.iam",
      "mode": "managed",
      "type": "aws_iam_policy",
      "name": "lambda_sqs_policy",
      "provider": "provider[\"registry.terraform.io/hashicorp/aws\"]",
      "instances": [
        {
          "schema_version": 0,
          "attributes": {
            "arn": "arn:aws:iam::593793068814:policy/lambda-sqs-policy",
            "attachment_count": 1,
            "description": "Allow Lambda to interact with SQS",
            "id": "arn:aws:iam::593793068814:policy/lambda-sqs-policy",
            "name": "lambda-sqs-policy",
            "name_prefix": "",
            "path": "/",
            "policy": "{\"Statement\":[{\"Action\":[\"sqs:ReceiveMessage\",\"sqs:GetQueueAttributes\",\"sqs:DeleteMessage\"],\"Effect\":\"Allow\",\"Resource\":\"arn:aws:sqs:eu-north-1:593793068814:sqs_notification\"},{\"Action\":[\"logs:*\",\"cloudwatch:*\"],\"Effect\":\"Allow\",\"Resource\":\"*\"}],\"Version\":\"2012-10-17\"}",
            "policy_id": "ANPAYUQGTF4HB43BCKAA5",
            "tags": {},
            "tags_all": {}
          },
          "sensitive_attributes": [],
          "private": "bnVsbA==",
          "dependencies": [
            "module.iam.data.aws_iam_policy_document.lambda_sqs_policy",
            "module.sqs.aws_sqs_queue.dlq",
            "module.sqs.aws_sqs_queue.s3_notification_sqs"
          ]
        }
      ]
    },
    {
      "module": "module.iam",
      "mode": "managed",
      "type": "aws_iam_policy",
      "name": "s3_policy",
      "provider": "provider[\"registry.terraform.io/hashicorp/aws\"]",
      "instances": [
        {
          "schema_version": 0,
          "attributes": {
            "arn": "arn:aws:iam::593793068814:policy/Access_to_S3_Lambda",
            "attachment_count": 1,
            "description": "",
            "id": "arn:aws:iam::593793068814:policy/Access_to_S3_Lambda",
            "name": "Access_to_S3_Lambda",
            "name_prefix": "",
            "path": "/",
            "policy": "{\"Statement\":[{\"Action\":[\"s3:PutObject\",\"s3:GetObject\",\"s3:ListBucket\"],\"Effect\":\"Allow\",\"Resource\":[\"arn:aws:s3:::weather-lazars\"]}],\"Version\":\"2012-10-17\"}",
            "policy_id": "ANPAYUQGTF4HIJMXCT7E6",
            "tags": {},
            "tags_all": {}
          },
          "sensitive_attributes": [],
          "private": "bnVsbA==",
          "dependencies": [
            "module.s3.aws_s3_bucket.weather_bucket"
          ]
        }
      ]
    },
    {
      "module": "module.iam",
      "mode": "managed",
      "type": "aws_iam_role",
      "name": "cloudwatch_event_role",
      "provider": "provider[\"registry.terraform.io/hashicorp/aws\"]",
      "instances": [
        {
          "schema_version": 0,
          "attributes": {
            "arn": "arn:aws:iam::593793068814:role/CloudWatch_Role_Everything",
            "assume_role_policy": "{\"Statement\":[{\"Action\":\"sts:AssumeRole\",\"Effect\":\"Allow\",\"Principal\":{\"Service\":\"events.amazonaws.com\"}}],\"Version\":\"2012-10-17\"}",
            "create_date": "2024-11-21T14:15:57Z",
            "description": "",
            "force_detach_policies": false,
            "id": "CloudWatch_Role_Everything",
            "inline_policy": [
              {
                "name": "cloudwatch-event-policy",
                "policy": "{\"Version\":\"2012-10-17\",\"Statement\":[{\"Action\":\"glue:StartJobRun\",\"Effect\":\"Allow\",\"Resource\":[\"arn:aws:glue:eu-north-1:593793068814:job/Process_Data_Job\"]}]}"
              }
            ],
            "managed_policy_arns": [],
            "max_session_duration": 3600,
            "name": "CloudWatch_Role_Everything",
            "name_prefix": "",
            "path": "/",
            "permissions_boundary": "",
            "tags": {},
            "tags_all": {},
            "unique_id": "AROAYUQGTF4HJXXHOOELN"
          },
          "sensitive_attributes": [],
          "private": "bnVsbA=="
        }
      ]
    },
    {
      "module": "module.iam",
      "mode": "managed",
      "type": "aws_iam_role",
      "name": "glue_role",
      "provider": "provider[\"registry.terraform.io/hashicorp/aws\"]",
      "instances": [
        {
          "schema_version": 0,
          "attributes": {
            "arn": "arn:aws:iam::593793068814:role/Glue_Role_Everything",
            "assume_role_policy": "{\"Statement\":[{\"Action\":\"sts:AssumeRole\",\"Effect\":\"Allow\",\"Principal\":{\"Service\":\"glue.amazonaws.com\"}}],\"Version\":\"2012-10-17\"}",
            "create_date": "2024-11-21T14:15:57Z",
            "description": "",
            "force_detach_policies": false,
            "id": "Glue_Role_Everything",
            "inline_policy": [],
            "managed_policy_arns": [
              "arn:aws:iam::593793068814:policy/Access_to_S3_and_Glue"
            ],
            "max_session_duration": 3600,
            "name": "Glue_Role_Everything",
            "name_prefix": "",
            "path": "/",
            "permissions_boundary": "",
            "tags": {},
            "tags_all": {},
            "unique_id": "AROAYUQGTF4HOIASOTYGT"
          },
          "sensitive_attributes": [],
          "private": "bnVsbA=="
        }
      ]
    },
    {
      "module": "module.iam",
      "mode": "managed",
      "type": "aws_iam_role",
      "name": "lambda_role",
      "provider": "provider[\"registry.terraform.io/hashicorp/aws\"]",
      "instances": [
        {
          "schema_version": 0,
          "attributes": {
            "arn": "arn:aws:iam::593793068814:role/Lambda_Role_Everything",
            "assume_role_policy": "{\"Statement\":[{\"Action\":\"sts:AssumeRole\",\"Effect\":\"Allow\",\"Principal\":{\"Service\":\"lambda.amazonaws.com\"}}],\"Version\":\"2012-10-17\"}",
            "create_date": "2024-11-20T12:53:06Z",
            "description": "",
            "force_detach_policies": false,
            "id": "Lambda_Role_Everything",
            "inline_policy": [],
            "managed_policy_arns": [
              "arn:aws:iam::593793068814:policy/Access_to_S3_Lambda",
              "arn:aws:iam::593793068814:policy/lambda-sqs-policy"
            ],
            "max_session_duration": 3600,
            "name": "Lambda_Role_Everything",
            "name_prefix": "",
            "path": "/",
            "permissions_boundary": "",
            "tags": {},
            "tags_all": {},
            "unique_id": "AROAYUQGTF4HMRQITUNDV"
          },
          "sensitive_attributes": [],
          "private": "bnVsbA=="
        }
      ]
    },
    {
      "module": "module.iam",
      "mode": "managed",
      "type": "aws_iam_role_policy",
      "name": "cloudwatch_event_policy",
      "provider": "provider[\"registry.terraform.io/hashicorp/aws\"]",
      "instances": [
        {
          "schema_version": 0,
          "attributes": {
            "id": "CloudWatch_Role_Everything:cloudwatch-event-policy",
            "name": "cloudwatch-event-policy",
            "name_prefix": "",
            "policy": "{\"Version\":\"2012-10-17\",\"Statement\":[{\"Action\":\"glue:StartJobRun\",\"Effect\":\"Allow\",\"Resource\":[\"arn:aws:glue:eu-north-1:593793068814:job/Process_Data_Job\"]}]}",
            "role": "CloudWatch_Role_Everything"
          },
          "sensitive_attributes": [],
          "private": "bnVsbA==",
          "dependencies": [
            "module.glue.aws_glue_job.process_s3_data",
            "module.iam.aws_iam_role.cloudwatch_event_role",
            "module.iam.aws_iam_role.glue_role",
            "module.s3.aws_s3_bucket.processed_data",
            "module.s3.aws_s3_bucket.script_bucket",
            "module.s3.aws_s3_bucket.weather_bucket"
          ]
        }
      ]
    },
    {
      "module": "module.iam",
      "mode": "managed",
      "type": "aws_iam_role_policy_attachment",
      "name": "attach_lambda_secrets_policy",
      "provider": "provider[\"registry.terraform.io/hashicorp/aws\"]",
      "instances": [
        {
          "schema_version": 0,
          "attributes": {
            "id": "Lambda_Role_Everything-20241121155142900800000002",
            "policy_arn": "arn:aws:iam::593793068814:policy/lambda_secrets_policy",
            "role": "Lambda_Role_Everything"
          },
          "sensitive_attributes": [],
          "private": "bnVsbA==",
          "dependencies": [
            "module.iam.aws_iam_policy.lambda_secrets_policy",
            "module.iam.aws_iam_role.lambda_role"
          ]
        }
      ]
    },
    {
      "module": "module.iam",
      "mode": "managed",
      "type": "aws_iam_role_policy_attachment",
      "name": "glue_role_attachment",
      "provider": "provider[\"registry.terraform.io/hashicorp/aws\"]",
      "instances": [
        {
          "schema_version": 0,
          "attributes": {
            "id": "Glue_Role_Everything-20241121141600211100000001",
            "policy_arn": "arn:aws:iam::593793068814:policy/Access_to_S3_and_Glue",
            "role": "Glue_Role_Everything"
          },
          "sensitive_attributes": [],
          "private": "bnVsbA==",
          "dependencies": [
            "module.iam.aws_iam_policy.glue_policy",
            "module.iam.aws_iam_role.glue_role",
            "module.s3.aws_s3_bucket.script_bucket",
            "module.s3.aws_s3_bucket.weather_bucket"
          ]
        }
      ]
    },
    {
      "module": "module.iam",
      "mode": "managed",
      "type": "aws_iam_role_policy_attachment",
      "name": "lambda_role_attachment",
      "provider": "provider[\"registry.terraform.io/hashicorp/aws\"]",
      "instances": [
        {
          "schema_version": 0,
          "attributes": {
            "id": "Lambda_Role_Everything-20241120132406460200000002",
            "policy_arn": "arn:aws:iam::593793068814:policy/Access_to_S3_Lambda",
            "role": "Lambda_Role_Everything"
          },
          "sensitive_attributes": [],
          "private": "bnVsbA==",
          "dependencies": [
            "module.iam.aws_iam_policy.s3_policy",
            "module.iam.aws_iam_role.lambda_role",
            "module.s3.aws_s3_bucket.weather_bucket"
          ]
        }
      ]
    },
    {
      "module": "module.iam",
      "mode": "managed",
      "type": "aws_iam_role_policy_attachment",
      "name": "lambda_sqs_policy_attachment",
      "provider": "provider[\"registry.terraform.io/hashicorp/aws\"]",
      "instances": [
        {
          "schema_version": 0,
          "attributes": {
            "id": "Lambda_Role_Everything-20241121142904630800000002",
            "policy_arn": "arn:aws:iam::593793068814:policy/lambda-sqs-policy",
            "role": "Lambda_Role_Everything"
          },
          "sensitive_attributes": [],
          "private": "bnVsbA==",
          "dependencies": [
            "module.iam.aws_iam_policy.lambda_sqs_policy",
            "module.iam.aws_iam_role.lambda_role",
            "module.iam.data.aws_iam_policy_document.lambda_sqs_policy",
            "module.sqs.aws_sqs_queue.dlq",
            "module.sqs.aws_sqs_queue.s3_notification_sqs"
          ]
        }
      ]
    },
    {
      "module": "module.lambda",
      "mode": "data",
      "type": "archive_file",
      "name": "lambda_sqs_zip",
      "provider": "provider[\"registry.terraform.io/hashicorp/archive\"]",
      "instances": [
        {
          "schema_version": 0,
          "attributes": {
            "exclude_symlink_directories": null,
            "excludes": null,
            "id": "45aa25e4eaa43fc97446974064d0be9109d038f4",
            "output_base64sha256": "69IAZq0EtypFwEBQxJDER3Wdmg2aaaZudNXV9AKXd5M=",
            "output_base64sha512": "t+Bf3rsiVeaKf2r1nNF9PqSbqVNPygzJnbHd2txzeUnS3cP9pOy7BiVshe79bBfD2z/JuHm2v61Sn6fuix3frQ==",
            "output_file_mode": null,
            "output_md5": "dfef5ab365275873d956b390db583206",
            "output_path": "./../src/functions/zipped/put_weather_dynamo.zip",
            "output_sha": "45aa25e4eaa43fc97446974064d0be9109d038f4",
            "output_sha256": "ebd20066ad04b72a45c04050c490c447759d9a0d9a69a66e74d5d5f402977793",
            "output_sha512": "b7e05fdebb2255e68a7f6af59cd17d3ea49ba9534fca0cc99db1dddadc737949d2ddc3fda4ecbb06256c85eefd6c17c3db3fc9b879b6bfad529fa7ee8b1ddfad",
            "output_size": 546,
            "source": [],
            "source_content": null,
            "source_content_filename": null,
            "source_dir": null,
            "source_file": "./../src/functions/put_weather_dynamo.py",
            "type": "zip"
          },
          "sensitive_attributes": []
        }
      ]
    },
    {
      "module": "module.lambda",
      "mode": "data",
      "type": "archive_file",
      "name": "lambda_zip",
      "provider": "provider[\"registry.terraform.io/hashicorp/archive\"]",
      "instances": [
        {
          "index_key": "get_pollution_data",
          "schema_version": 0,
          "attributes": {
            "exclude_symlink_directories": null,
            "excludes": null,
            "id": "f4da66c4cf89a643b665ed18ba673e6cb877f2cc",
            "output_base64sha256": "akyBwUBI7Zg1wjQxjlJwJox8tfHJNVBxueP+z9FmCok=",
            "output_base64sha512": "6jzBtllHU30sezF7r+yV5nF6vCPE+ijj/LCSEJ5udHEfE6nkBQlWuV2kASZ8gxwERLgEgZqzoiXvRrSb2SRHCw==",
            "output_file_mode": null,
            "output_md5": "bc82ebaa01e33cced22618cae2e3c544",
            "output_path": "./../src/functions/zipped/get_pollution_data.zip",
            "output_sha": "f4da66c4cf89a643b665ed18ba673e6cb877f2cc",
            "output_sha256": "6a4c81c14048ed9835c234318e5270268c7cb5f1c9355071b9e3fecfd1660a89",
            "output_sha512": "ea3cc1b65947537d2c7b317bafec95e6717abc23c4fa28e3fcb092109e6e74711f13a9e4050956b95da401267c831c0444b804819ab3a225ef46b49bd924470b",
            "output_size": 761,
            "source": [],
            "source_content": null,
            "source_content_filename": null,
            "source_dir": null,
            "source_file": "./../src/functions/get_weather_data.py",
            "type": "zip"
          },
          "sensitive_attributes": []
        },
        {
          "index_key": "get_sensor_data",
          "schema_version": 0,
          "attributes": {
            "exclude_symlink_directories": null,
            "excludes": null,
            "id": "f4da66c4cf89a643b665ed18ba673e6cb877f2cc",
            "output_base64sha256": "akyBwUBI7Zg1wjQxjlJwJox8tfHJNVBxueP+z9FmCok=",
            "output_base64sha512": "6jzBtllHU30sezF7r+yV5nF6vCPE+ijj/LCSEJ5udHEfE6nkBQlWuV2kASZ8gxwERLgEgZqzoiXvRrSb2SRHCw==",
            "output_file_mode": null,
            "output_md5": "bc82ebaa01e33cced22618cae2e3c544",
            "output_path": "./../src/functions/zipped/get_sensor_data.zip",
            "output_sha": "f4da66c4cf89a643b665ed18ba673e6cb877f2cc",
            "output_sha256": "6a4c81c14048ed9835c234318e5270268c7cb5f1c9355071b9e3fecfd1660a89",
            "output_sha512": "ea3cc1b65947537d2c7b317bafec95e6717abc23c4fa28e3fcb092109e6e74711f13a9e4050956b95da401267c831c0444b804819ab3a225ef46b49bd924470b",
            "output_size": 761,
            "source": [],
            "source_content": null,
            "source_content_filename": null,
            "source_dir": null,
            "source_file": "./../src/functions/get_weather_data.py",
            "type": "zip"
          },
          "sensitive_attributes": []
        },
        {
          "index_key": "get_weather_data",
          "schema_version": 0,
          "attributes": {
            "exclude_symlink_directories": null,
            "excludes": null,
            "id": "f4da66c4cf89a643b665ed18ba673e6cb877f2cc",
            "output_base64sha256": "akyBwUBI7Zg1wjQxjlJwJox8tfHJNVBxueP+z9FmCok=",
            "output_base64sha512": "6jzBtllHU30sezF7r+yV5nF6vCPE+ijj/LCSEJ5udHEfE6nkBQlWuV2kASZ8gxwERLgEgZqzoiXvRrSb2SRHCw==",
            "output_file_mode": null,
            "output_md5": "bc82ebaa01e33cced22618cae2e3c544",
            "output_path": "./../src/functions/zipped/get_weather_data.zip",
            "output_sha": "f4da66c4cf89a643b665ed18ba673e6cb877f2cc",
            "output_sha256": "6a4c81c14048ed9835c234318e5270268c7cb5f1c9355071b9e3fecfd1660a89",
            "output_sha512": "ea3cc1b65947537d2c7b317bafec95e6717abc23c4fa28e3fcb092109e6e74711f13a9e4050956b95da401267c831c0444b804819ab3a225ef46b49bd924470b",
            "output_size": 761,
            "source": [],
            "source_content": null,
            "source_content_filename": null,
            "source_dir": null,
            "source_file": "./../src/functions/get_weather_data.py",
            "type": "zip"
          },
          "sensitive_attributes": []
        }
      ]
    },
    {
      "module": "module.lambda",
      "mode": "managed",
      "type": "aws_lambda_event_source_mapping",
      "name": "sqs_trigger",
      "provider": "provider[\"registry.terraform.io/hashicorp/aws\"]",
      "instances": [
        {
          "schema_version": 0,
          "attributes": {
            "amazon_managed_kafka_event_source_config": [],
            "arn": "arn:aws:lambda:eu-north-1:593793068814:event-source-mapping:699430c8-2267-4c32-96b3-337d6677a850",
            "batch_size": 10,
            "bisect_batch_on_function_error": false,
            "destination_config": [],
            "document_db_event_source_config": [],
            "enabled": true,
            "event_source_arn": "arn:aws:sqs:eu-north-1:593793068814:sqs_notification",
            "filter_criteria": [],
            "function_arn": "arn:aws:lambda:eu-north-1:593793068814:function:put_weather_dynamo",
            "function_name": "arn:aws:lambda:eu-north-1:593793068814:function:put_weather_dynamo",
            "function_response_types": [],
            "id": "699430c8-2267-4c32-96b3-337d6677a850",
            "kms_key_arn": "",
            "last_modified": "2024-11-21T14:29:13Z",
            "last_processing_result": "",
            "maximum_batching_window_in_seconds": 0,
            "maximum_record_age_in_seconds": 0,
            "maximum_retry_attempts": 0,
            "parallelization_factor": 0,
            "queues": [],
            "scaling_config": [],
            "self_managed_event_source": [],
            "self_managed_kafka_event_source_config": [],
            "source_access_configuration": [],
            "starting_position": "",
            "starting_position_timestamp": "",
            "state": "Enabled",
            "state_transition_reason": "USER_INITIATED",
            "tags": {},
            "tags_all": {},
            "topics": [],
            "tumbling_window_in_seconds": 0,
            "uuid": "699430c8-2267-4c32-96b3-337d6677a850"
          },
          "sensitive_attributes": [],
          "private": "bnVsbA==",
          "dependencies": [
            "module.iam.aws_iam_policy.s3_policy",
            "module.iam.aws_iam_role.lambda_role",
            "module.iam.aws_iam_role_policy_attachment.lambda_role_attachment",
            "module.lambda.aws_lambda_function.put_weather_dynamo",
            "module.lambda.data.archive_file.lambda_sqs_zip",
            "module.s3.aws_s3_bucket.weather_bucket",
            "module.sqs.aws_sqs_queue.dlq",
            "module.sqs.aws_sqs_queue.s3_notification_sqs"
          ]
        }
      ]
    },
    {
      "module": "module.lambda",
      "mode": "managed",
      "type": "aws_lambda_function",
      "name": "get_data_from_source_bucket",
      "provider": "provider[\"registry.terraform.io/hashicorp/aws\"]",
      "instances": [
        {
          "index_key": "get_pollution_data",
          "schema_version": 0,
          "attributes": {
            "architectures": [
              "x86_64"
            ],
            "arn": "arn:aws:lambda:eu-north-1:593793068814:function:get_pollution_data",
            "code_sha256": "akyBwUBI7Zg1wjQxjlJwJox8tfHJNVBxueP+z9FmCok=",
            "code_signing_config_arn": "",
            "dead_letter_config": [],
            "description": "",
            "environment": [
              {
                "variables": {
                  "CITY": "Serbia",
                  "CITY_NAME_SRB": "Srbija",
                  "DESTINATION_BUCKET": "weather-lazars",
                  "SOURCE_BUCKET": "nine-air-weather-data",
                  "SOURCE_FOLDER": "pollution"
                }
              }
            ],
            "ephemeral_storage": [
              {
                "size": 512
              }
            ],
            "file_system_config": [],
            "filename": "./../src/functions/zipped/get_pollution_data.zip",
            "function_name": "get_pollution_data",
            "handler": "get_weather_data.event_handler",
            "id": "get_pollution_data",
            "image_config": [],
            "image_uri": "",
            "invoke_arn": "arn:aws:apigateway:eu-north-1:lambda:path/2015-03-31/functions/arn:aws:lambda:eu-north-1:593793068814:function:get_pollution_data/invocations",
            "kms_key_arn": "",
            "last_modified": "2024-11-21T14:16:10.000+0000",
            "layers": [],
            "logging_config": [
              {
                "application_log_level": "",
                "log_format": "Text",
                "log_group": "/aws/lambda/get_pollution_data",
                "system_log_level": ""
              }
            ],
            "memory_size": 128,
            "package_type": "Zip",
            "publish": false,
            "qualified_arn": "arn:aws:lambda:eu-north-1:593793068814:function:get_pollution_data:$LATEST",
            "qualified_invoke_arn": "arn:aws:apigateway:eu-north-1:lambda:path/2015-03-31/functions/arn:aws:lambda:eu-north-1:593793068814:function:get_pollution_data:$LATEST/invocations",
            "replace_security_groups_on_destroy": null,
            "replacement_security_group_ids": null,
            "reserved_concurrent_executions": -1,
            "role": "arn:aws:iam::593793068814:role/Lambda_Role_Everything",
            "runtime": "python3.13",
            "s3_bucket": null,
            "s3_key": null,
            "s3_object_version": null,
            "signing_job_arn": "",
            "signing_profile_version_arn": "",
            "skip_destroy": false,
            "snap_start": [],
            "source_code_hash": "",
            "source_code_size": 761,
            "tags": {},
            "tags_all": {},
            "timeout": 3,
            "timeouts": null,
            "tracing_config": [
              {
                "mode": "PassThrough"
              }
            ],
            "version": "$LATEST",
            "vpc_config": []
          },
          "sensitive_attributes": [],
          "private": "eyJlMmJmYjczMC1lY2FhLTExZTYtOGY4OC0zNDM2M2JjN2M0YzAiOnsiY3JlYXRlIjo2MDAwMDAwMDAwMDAsImRlbGV0ZSI6NjAwMDAwMDAwMDAwLCJ1cGRhdGUiOjYwMDAwMDAwMDAwMH19",
          "dependencies": [
            "module.iam.aws_iam_policy.s3_policy",
            "module.iam.aws_iam_role.lambda_role",
            "module.iam.aws_iam_role_policy_attachment.lambda_role_attachment",
            "module.lambda.aws_lambda_layer_version.external_API",
            "module.lambda.data.archive_file.lambda_zip",
            "module.s3.aws_s3_bucket.weather_bucket"
          ]
        },
        {
          "index_key": "get_sensor_data",
          "schema_version": 0,
          "attributes": {
            "architectures": [
              "x86_64"
            ],
            "arn": "arn:aws:lambda:eu-north-1:593793068814:function:get_sensor_data",
            "code_sha256": "akyBwUBI7Zg1wjQxjlJwJox8tfHJNVBxueP+z9FmCok=",
            "code_signing_config_arn": "",
            "dead_letter_config": [],
            "description": "",
            "environment": [
              {
                "variables": {
                  "CITY": "Serbia",
                  "CITY_NAME_SRB": "Srbija",
                  "DESTINATION_BUCKET": "weather-lazars",
                  "SOURCE_BUCKET": "nine-air-weather-data",
                  "SOURCE_FOLDER": "sensor"
                }
              }
            ],
            "ephemeral_storage": [
              {
                "size": 512
              }
            ],
            "file_system_config": [],
            "filename": "./../src/functions/zipped/get_sensor_data.zip",
            "function_name": "get_sensor_data",
            "handler": "get_weather_data.event_handler",
            "id": "get_sensor_data",
            "image_config": [],
            "image_uri": "",
            "invoke_arn": "arn:aws:apigateway:eu-north-1:lambda:path/2015-03-31/functions/arn:aws:lambda:eu-north-1:593793068814:function:get_sensor_data/invocations",
            "kms_key_arn": "",
            "last_modified": "2024-11-21T14:16:17.000+0000",
            "layers": [],
            "logging_config": [
              {
                "application_log_level": "",
                "log_format": "Text",
                "log_group": "/aws/lambda/get_sensor_data",
                "system_log_level": ""
              }
            ],
            "memory_size": 128,
            "package_type": "Zip",
            "publish": false,
            "qualified_arn": "arn:aws:lambda:eu-north-1:593793068814:function:get_sensor_data:$LATEST",
            "qualified_invoke_arn": "arn:aws:apigateway:eu-north-1:lambda:path/2015-03-31/functions/arn:aws:lambda:eu-north-1:593793068814:function:get_sensor_data:$LATEST/invocations",
            "replace_security_groups_on_destroy": null,
            "replacement_security_group_ids": null,
            "reserved_concurrent_executions": -1,
            "role": "arn:aws:iam::593793068814:role/Lambda_Role_Everything",
            "runtime": "python3.13",
            "s3_bucket": null,
            "s3_key": null,
            "s3_object_version": null,
            "signing_job_arn": "",
            "signing_profile_version_arn": "",
            "skip_destroy": false,
            "snap_start": [],
            "source_code_hash": "",
            "source_code_size": 761,
            "tags": {},
            "tags_all": {},
            "timeout": 3,
            "timeouts": null,
            "tracing_config": [
              {
                "mode": "PassThrough"
              }
            ],
            "version": "$LATEST",
            "vpc_config": []
          },
          "sensitive_attributes": [],
          "private": "eyJlMmJmYjczMC1lY2FhLTExZTYtOGY4OC0zNDM2M2JjN2M0YzAiOnsiY3JlYXRlIjo2MDAwMDAwMDAwMDAsImRlbGV0ZSI6NjAwMDAwMDAwMDAwLCJ1cGRhdGUiOjYwMDAwMDAwMDAwMH19",
          "dependencies": [
            "module.iam.aws_iam_policy.s3_policy",
            "module.iam.aws_iam_role.lambda_role",
            "module.iam.aws_iam_role_policy_attachment.lambda_role_attachment",
            "module.lambda.aws_lambda_layer_version.external_API",
            "module.lambda.data.archive_file.lambda_zip",
            "module.s3.aws_s3_bucket.weather_bucket"
          ]
        },
        {
          "index_key": "get_weather_data",
          "schema_version": 0,
          "attributes": {
            "architectures": [
              "x86_64"
            ],
            "arn": "arn:aws:lambda:eu-north-1:593793068814:function:get_weather_data",
            "code_sha256": "akyBwUBI7Zg1wjQxjlJwJox8tfHJNVBxueP+z9FmCok=",
            "code_signing_config_arn": "",
            "dead_letter_config": [],
            "description": "",
            "environment": [
              {
                "variables": {
                  "CITY": "Serbia",
                  "CITY_NAME_SRB": "Srbija",
                  "DESTINATION_BUCKET": "weather-lazars",
                  "SOURCE_BUCKET": "nine-air-weather-data",
                  "SOURCE_FOLDER": "weather"
                }
              }
            ],
            "ephemeral_storage": [
              {
                "size": 512
              }
            ],
            "file_system_config": [],
            "filename": "./../src/functions/zipped/get_weather_data.zip",
            "function_name": "get_weather_data",
            "handler": "get_weather_data.event_handler",
            "id": "get_weather_data",
            "image_config": [],
            "image_uri": "",
            "invoke_arn": "arn:aws:apigateway:eu-north-1:lambda:path/2015-03-31/functions/arn:aws:lambda:eu-north-1:593793068814:function:get_weather_data/invocations",
            "kms_key_arn": "",
            "last_modified": "2024-11-21T14:15:57.000+0000",
            "layers": [],
            "logging_config": [
              {
                "application_log_level": "",
                "log_format": "Text",
                "log_group": "/aws/lambda/get_weather_data",
                "system_log_level": ""
              }
            ],
            "memory_size": 128,
            "package_type": "Zip",
            "publish": false,
            "qualified_arn": "arn:aws:lambda:eu-north-1:593793068814:function:get_weather_data:$LATEST",
            "qualified_invoke_arn": "arn:aws:apigateway:eu-north-1:lambda:path/2015-03-31/functions/arn:aws:lambda:eu-north-1:593793068814:function:get_weather_data:$LATEST/invocations",
            "replace_security_groups_on_destroy": null,
            "replacement_security_group_ids": null,
            "reserved_concurrent_executions": -1,
            "role": "arn:aws:iam::593793068814:role/Lambda_Role_Everything",
            "runtime": "python3.13",
            "s3_bucket": null,
            "s3_key": null,
            "s3_object_version": null,
            "signing_job_arn": "",
            "signing_profile_version_arn": "",
            "skip_destroy": false,
            "snap_start": [],
            "source_code_hash": "",
            "source_code_size": 761,
            "tags": {},
            "tags_all": {},
            "timeout": 3,
            "timeouts": null,
            "tracing_config": [
              {
                "mode": "PassThrough"
              }
            ],
            "version": "$LATEST",
            "vpc_config": []
          },
          "sensitive_attributes": [],
          "private": "eyJlMmJmYjczMC1lY2FhLTExZTYtOGY4OC0zNDM2M2JjN2M0YzAiOnsiY3JlYXRlIjo2MDAwMDAwMDAwMDAsImRlbGV0ZSI6NjAwMDAwMDAwMDAwLCJ1cGRhdGUiOjYwMDAwMDAwMDAwMH19",
          "dependencies": [
            "module.iam.aws_iam_policy.s3_policy",
            "module.iam.aws_iam_role.lambda_role",
            "module.iam.aws_iam_role_policy_attachment.lambda_role_attachment",
            "module.lambda.aws_lambda_layer_version.external_API",
            "module.lambda.data.archive_file.lambda_zip",
            "module.s3.aws_s3_bucket.weather_bucket"
          ]
        }
      ]
    },
    {
      "module": "module.lambda",
      "mode": "managed",
      "type": "aws_lambda_function",
      "name": "put_weather_dynamo",
      "provider": "provider[\"registry.terraform.io/hashicorp/aws\"]",
      "instances": [
        {
          "schema_version": 0,
          "attributes": {
            "architectures": [
              "x86_64"
            ],
            "arn": "arn:aws:lambda:eu-north-1:593793068814:function:put_weather_dynamo",
            "code_sha256": "69IAZq0EtypFwEBQxJDER3Wdmg2aaaZudNXV9AKXd5M=",
            "code_signing_config_arn": "",
            "dead_letter_config": [],
            "description": "",
            "environment": [
              {
                "variables": {
                  "DYNAMODB_TABLE_NAME": "WeatherTable"
                }
              }
            ],
            "ephemeral_storage": [
              {
                "size": 512
              }
            ],
            "file_system_config": [],
            "filename": "./../src/functions/zipped/put_weather_dynamo.zip",
            "function_name": "put_weather_dynamo",
            "handler": "put_weather_dynamo.event_handler",
            "id": "put_weather_dynamo",
            "image_config": [],
            "image_uri": "",
            "invoke_arn": "arn:aws:apigateway:eu-north-1:lambda:path/2015-03-31/functions/arn:aws:lambda:eu-north-1:593793068814:function:put_weather_dynamo/invocations",
            "kms_key_arn": "",
            "last_modified": "2024-11-21T14:16:04.000+0000",
            "layers": [],
            "logging_config": [
              {
                "application_log_level": "",
                "log_format": "Text",
                "log_group": "/aws/lambda/put_weather_dynamo",
                "system_log_level": ""
              }
            ],
            "memory_size": 128,
            "package_type": "Zip",
            "publish": false,
            "qualified_arn": "arn:aws:lambda:eu-north-1:593793068814:function:put_weather_dynamo:$LATEST",
            "qualified_invoke_arn": "arn:aws:apigateway:eu-north-1:lambda:path/2015-03-31/functions/arn:aws:lambda:eu-north-1:593793068814:function:put_weather_dynamo:$LATEST/invocations",
            "replace_security_groups_on_destroy": null,
            "replacement_security_group_ids": null,
            "reserved_concurrent_executions": -1,
            "role": "arn:aws:iam::593793068814:role/Lambda_Role_Everything",
            "runtime": "python3.13",
            "s3_bucket": null,
            "s3_key": null,
            "s3_object_version": null,
            "signing_job_arn": "",
            "signing_profile_version_arn": "",
            "skip_destroy": false,
            "snap_start": [],
            "source_code_hash": "",
            "source_code_size": 546,
            "tags": {},
            "tags_all": {},
            "timeout": 3,
            "timeouts": null,
            "tracing_config": [
              {
                "mode": "PassThrough"
              }
            ],
            "version": "$LATEST",
            "vpc_config": []
          },
          "sensitive_attributes": [],
          "private": "eyJlMmJmYjczMC1lY2FhLTExZTYtOGY4OC0zNDM2M2JjN2M0YzAiOnsiY3JlYXRlIjo2MDAwMDAwMDAwMDAsImRlbGV0ZSI6NjAwMDAwMDAwMDAwLCJ1cGRhdGUiOjYwMDAwMDAwMDAwMH19",
          "dependencies": [
            "module.iam.aws_iam_policy.s3_policy",
            "module.iam.aws_iam_role.lambda_role",
            "module.iam.aws_iam_role_policy_attachment.lambda_role_attachment",
            "module.lambda.data.archive_file.lambda_sqs_zip",
            "module.s3.aws_s3_bucket.weather_bucket"
          ]
        }
      ]
    },
    {
      "module": "module.s3",
      "mode": "data",
      "type": "aws_iam_policy_document",
      "name": "s3",
      "provider": "provider[\"registry.terraform.io/hashicorp/aws\"]",
      "instances": [
        {
          "schema_version": 0,
          "attributes": {
            "id": "587785818",
            "json": "{\n  \"Version\": \"2012-10-17\",\n  \"Statement\": [\n    {\n      \"Effect\": \"Allow\",\n      \"Action\": [\n        \"s3:PutObjectAcl\",\n        \"s3:PutObject\"\n      ],\n      \"Resource\": \"arn:aws:s3:::weather-lazars/*\",\n      \"Principal\": {\n        \"AWS\": \"arn:aws:iam::593793068814:role/Lambda_Role_Everything\"\n      }\n    }\n  ]\n}",
            "minified_json": "{\"Version\":\"2012-10-17\",\"Statement\":[{\"Effect\":\"Allow\",\"Action\":[\"s3:PutObjectAcl\",\"s3:PutObject\"],\"Resource\":\"arn:aws:s3:::weather-lazars/*\",\"Principal\":{\"AWS\":\"arn:aws:iam::593793068814:role/Lambda_Role_Everything\"}}]}",
            "override_json": null,
            "override_policy_documents": null,
            "policy_id": null,
            "source_json": null,
            "source_policy_documents": null,
            "statement": [
              {
                "actions": [
                  "s3:PutObject",
                  "s3:PutObjectAcl"
                ],
                "condition": [],
                "effect": "Allow",
                "not_actions": [],
                "not_principals": [],
                "not_resources": [],
                "principals": [
                  {
                    "identifiers": [
                      "arn:aws:iam::593793068814:role/Lambda_Role_Everything"
                    ],
                    "type": "AWS"
                  }
                ],
                "resources": [
                  "arn:aws:s3:::weather-lazars/*"
                ],
                "sid": ""
              }
            ],
            "version": "2012-10-17"
          },
          "sensitive_attributes": []
        }
      ]
    },
    {
      "module": "module.s3",
      "mode": "managed",
      "type": "aws_s3_bucket",
      "name": "processed_data",
      "provider": "provider[\"registry.terraform.io/hashicorp/aws\"]",
      "instances": [
        {
          "schema_version": 0,
          "attributes": {
            "acceleration_status": "",
            "acl": null,
            "arn": "arn:aws:s3:::processed-lazars",
            "bucket": "processed-lazars",
            "bucket_domain_name": "processed-lazars.s3.amazonaws.com",
            "bucket_prefix": "",
            "bucket_regional_domain_name": "processed-lazars.s3.eu-north-1.amazonaws.com",
            "cors_rule": [],
            "force_destroy": false,
            "grant": [
              {
                "id": "922348abb591d25cd729c6973abef0d9e990f98cd3f760dace15a071f8d98559",
                "permissions": [
                  "FULL_CONTROL"
                ],
                "type": "CanonicalUser",
                "uri": ""
              }
            ],
            "hosted_zone_id": "Z3BAZG2TWCNX0D",
            "id": "processed-lazars",
            "lifecycle_rule": [],
            "logging": [],
            "object_lock_configuration": [],
            "object_lock_enabled": false,
            "policy": "",
            "region": "eu-north-1",
            "replication_configuration": [],
            "request_payer": "BucketOwner",
            "server_side_encryption_configuration": [
              {
                "rule": [
                  {
                    "apply_server_side_encryption_by_default": [
                      {
                        "kms_master_key_id": "",
                        "sse_algorithm": "AES256"
                      }
                    ],
                    "bucket_key_enabled": false
                  }
                ]
              }
            ],
            "tags": {
              "Name": "Finalized Data"
            },
            "tags_all": {
              "Name": "Finalized Data"
            },
            "timeouts": null,
            "versioning": [
              {
                "enabled": false,
                "mfa_delete": false
              }
            ],
            "website": [],
            "website_domain": null,
            "website_endpoint": null
          },
          "sensitive_attributes": [],
          "private": "eyJlMmJmYjczMC1lY2FhLTExZTYtOGY4OC0zNDM2M2JjN2M0YzAiOnsiY3JlYXRlIjoxMjAwMDAwMDAwMDAwLCJkZWxldGUiOjM2MDAwMDAwMDAwMDAsInJlYWQiOjEyMDAwMDAwMDAwMDAsInVwZGF0ZSI6MTIwMDAwMDAwMDAwMH19"
        }
      ]
    },
    {
      "module": "module.s3",
      "mode": "managed",
      "type": "aws_s3_bucket",
      "name": "script_bucket",
      "provider": "provider[\"registry.terraform.io/hashicorp/aws\"]",
      "instances": [
        {
          "schema_version": 0,
          "attributes": {
            "acceleration_status": "",
            "acl": null,
            "arn": "arn:aws:s3:::scripts-lazars",
            "bucket": "scripts-lazars",
            "bucket_domain_name": "scripts-lazars.s3.amazonaws.com",
            "bucket_prefix": "",
            "bucket_regional_domain_name": "scripts-lazars.s3.eu-north-1.amazonaws.com",
            "cors_rule": [],
            "force_destroy": false,
            "grant": [
              {
                "id": "922348abb591d25cd729c6973abef0d9e990f98cd3f760dace15a071f8d98559",
                "permissions": [
                  "FULL_CONTROL"
                ],
                "type": "CanonicalUser",
                "uri": ""
              }
            ],
            "hosted_zone_id": "Z3BAZG2TWCNX0D",
            "id": "scripts-lazars",
            "lifecycle_rule": [],
            "logging": [],
            "object_lock_configuration": [],
            "object_lock_enabled": false,
            "policy": "",
            "region": "eu-north-1",
            "replication_configuration": [],
            "request_payer": "BucketOwner",
            "server_side_encryption_configuration": [
              {
                "rule": [
                  {
                    "apply_server_side_encryption_by_default": [
                      {
                        "kms_master_key_id": "",
                        "sse_algorithm": "AES256"
                      }
                    ],
                    "bucket_key_enabled": false
                  }
                ]
              }
            ],
            "tags": {
              "Name": "Script"
            },
            "tags_all": {
              "Name": "Script"
            },
            "timeouts": null,
            "versioning": [
              {
                "enabled": false,
                "mfa_delete": false
              }
            ],
            "website": [],
            "website_domain": null,
            "website_endpoint": null
          },
          "sensitive_attributes": [],
          "private": "eyJlMmJmYjczMC1lY2FhLTExZTYtOGY4OC0zNDM2M2JjN2M0YzAiOnsiY3JlYXRlIjoxMjAwMDAwMDAwMDAwLCJkZWxldGUiOjM2MDAwMDAwMDAwMDAsInJlYWQiOjEyMDAwMDAwMDAwMDAsInVwZGF0ZSI6MTIwMDAwMDAwMDAwMH19"
        }
      ]
    },
    {
      "module": "module.s3",
      "mode": "managed",
      "type": "aws_s3_bucket",
      "name": "weather_bucket",
      "provider": "provider[\"registry.terraform.io/hashicorp/aws\"]",
      "instances": [
        {
          "schema_version": 0,
          "attributes": {
            "acceleration_status": "",
            "acl": null,
            "arn": "arn:aws:s3:::weather-lazars",
            "bucket": "weather-lazars",
            "bucket_domain_name": "weather-lazars.s3.amazonaws.com",
            "bucket_prefix": "",
            "bucket_regional_domain_name": "weather-lazars.s3.eu-north-1.amazonaws.com",
            "cors_rule": [],
            "force_destroy": false,
            "grant": [
              {
                "id": "922348abb591d25cd729c6973abef0d9e990f98cd3f760dace15a071f8d98559",
                "permissions": [
                  "FULL_CONTROL"
                ],
                "type": "CanonicalUser",
                "uri": ""
              }
            ],
            "hosted_zone_id": "Z3BAZG2TWCNX0D",
            "id": "weather-lazars",
            "lifecycle_rule": [],
            "logging": [],
            "object_lock_configuration": [],
            "object_lock_enabled": false,
            "policy": "{\"Statement\":[{\"Action\":[\"s3:PutObjectAcl\",\"s3:PutObject\"],\"Effect\":\"Allow\",\"Principal\":{\"AWS\":\"arn:aws:iam::593793068814:role/Lambda_Role_Everything\"},\"Resource\":\"arn:aws:s3:::weather-lazars/*\"}],\"Version\":\"2012-10-17\"}",
            "region": "eu-north-1",
            "replication_configuration": [],
            "request_payer": "BucketOwner",
            "server_side_encryption_configuration": [
              {
                "rule": [
                  {
                    "apply_server_side_encryption_by_default": [
                      {
                        "kms_master_key_id": "",
                        "sse_algorithm": "AES256"
                      }
                    ],
                    "bucket_key_enabled": false
                  }
                ]
              }
            ],
            "tags": {
              "Name": "Weather"
            },
            "tags_all": {
              "Name": "Weather"
            },
            "timeouts": null,
            "versioning": [
              {
                "enabled": false,
                "mfa_delete": false
              }
            ],
            "website": [],
            "website_domain": null,
            "website_endpoint": null
          },
          "sensitive_attributes": [],
          "private": "eyJlMmJmYjczMC1lY2FhLTExZTYtOGY4OC0zNDM2M2JjN2M0YzAiOnsiY3JlYXRlIjoxMjAwMDAwMDAwMDAwLCJkZWxldGUiOjM2MDAwMDAwMDAwMDAsInJlYWQiOjEyMDAwMDAwMDAwMDAsInVwZGF0ZSI6MTIwMDAwMDAwMDAwMH19"
        }
      ]
    },
    {
      "module": "module.s3",
      "mode": "managed",
      "type": "aws_s3_bucket_notification",
      "name": "weather_notification",
      "provider": "provider[\"registry.terraform.io/hashicorp/aws\"]",
      "instances": [
        {
          "schema_version": 0,
          "attributes": {
            "bucket": "weather-lazars",
            "eventbridge": false,
            "id": "weather-lazars",
            "lambda_function": [],
            "queue": [
              {
                "events": [
                  "s3:ObjectCreated:*"
                ],
                "filter_prefix": "",
                "filter_suffix": "",
                "id": "tf-s3-queue-20241120141817096400000001",
                "queue_arn": "arn:aws:sqs:eu-north-1:593793068814:sqs_notification"
              }
            ],
            "topic": []
          },
          "sensitive_attributes": [],
          "private": "bnVsbA==",
          "dependencies": [
            "module.s3.aws_s3_bucket.weather_bucket",
            "module.sqs.aws_sqs_queue.dlq",
            "module.sqs.aws_sqs_queue.s3_notification_sqs"
          ]
        }
      ]
    },
    {
      "module": "module.s3",
      "mode": "managed",
      "type": "aws_s3_bucket_policy",
      "name": "s3_policy",
      "provider": "provider[\"registry.terraform.io/hashicorp/aws\"]",
      "instances": [
        {
          "schema_version": 0,
          "attributes": {
            "bucket": "weather-lazars",
            "id": "weather-lazars",
            "policy": "{\"Statement\":[{\"Action\":[\"s3:PutObjectAcl\",\"s3:PutObject\"],\"Effect\":\"Allow\",\"Principal\":{\"AWS\":\"arn:aws:iam::593793068814:role/Lambda_Role_Everything\"},\"Resource\":\"arn:aws:s3:::weather-lazars/*\"}],\"Version\":\"2012-10-17\"}"
          },
          "sensitive_attributes": [],
          "private": "bnVsbA==",
          "dependencies": [
            "module.iam.aws_iam_role.lambda_role",
            "module.s3.aws_s3_bucket.weather_bucket",
            "module.s3.data.aws_iam_policy_document.s3"
          ]
        }
      ]
    },
    {
      "module": "module.s3",
      "mode": "managed",
      "type": "aws_s3_object",
      "name": "proccess_data_script",
      "provider": "provider[\"registry.terraform.io/hashicorp/aws\"]",
      "instances": [
        {
          "schema_version": 0,
          "attributes": {
            "acl": null,
            "arn": "arn:aws:s3:::scripts-lazars/process_data.py",
            "bucket": "scripts-lazars",
            "bucket_key_enabled": false,
            "cache_control": "",
            "checksum_algorithm": null,
            "checksum_crc32": "",
            "checksum_crc32c": "",
            "checksum_sha1": "",
            "checksum_sha256": "",
            "content": null,
            "content_base64": null,
            "content_disposition": "",
            "content_encoding": "",
            "content_language": "",
            "content_type": "application/octet-stream",
            "etag": "5f99d5b4488db40c67ed7b5c96343bd5",
            "force_destroy": false,
            "id": "process_data.py",
            "key": "process_data.py",
            "kms_key_id": null,
            "metadata": {},
            "object_lock_legal_hold_status": "",
            "object_lock_mode": "",
            "object_lock_retain_until_date": "",
            "override_provider": [],
            "server_side_encryption": "AES256",
            "source": "./../src/scripts/process_data.py",
            "source_hash": null,
            "storage_class": "STANDARD",
            "tags": {},
            "tags_all": {},
            "version_id": "",
            "website_redirect": ""
          },
          "sensitive_attributes": [],
          "private": "bnVsbA==",
          "dependencies": [
            "module.s3.aws_s3_bucket.script_bucket"
          ]
        }
      ]
    },
    {
      "module": "module.sqs",
      "mode": "data",
      "type": "aws_iam_policy_document",
      "name": "queue",
      "provider": "provider[\"registry.terraform.io/hashicorp/aws\"]",
      "instances": [
        {
          "schema_version": 0,
          "attributes": {
            "id": "3712778403",
            "json": "{\n  \"Version\": \"2012-10-17\",\n  \"Statement\": [\n    {\n      \"Effect\": \"Allow\",\n      \"Action\": \"sqs:SendMessage\",\n      \"Resource\": \"arn:aws:sqs:eu-north-1:593793068814:sqs_notification\",\n      \"Principal\": {\n        \"Service\": \"s3.amazonaws.com\"\n      },\n      \"Condition\": {\n        \"ArnEquals\": {\n          \"aws:SourceArn\": \"arn:aws:s3:::weather-lazars\"\n        }\n      }\n    }\n  ]\n}",
            "minified_json": "{\"Version\":\"2012-10-17\",\"Statement\":[{\"Effect\":\"Allow\",\"Action\":\"sqs:SendMessage\",\"Resource\":\"arn:aws:sqs:eu-north-1:593793068814:sqs_notification\",\"Principal\":{\"Service\":\"s3.amazonaws.com\"},\"Condition\":{\"ArnEquals\":{\"aws:SourceArn\":\"arn:aws:s3:::weather-lazars\"}}}]}",
            "override_json": null,
            "override_policy_documents": null,
            "policy_id": null,
            "source_json": null,
            "source_policy_documents": null,
            "statement": [
              {
                "actions": [
                  "sqs:SendMessage"
                ],
                "condition": [
                  {
                    "test": "ArnEquals",
                    "values": [
                      "arn:aws:s3:::weather-lazars"
                    ],
                    "variable": "aws:SourceArn"
                  }
                ],
                "effect": "Allow",
                "not_actions": [],
                "not_principals": [],
                "not_resources": [],
                "principals": [
                  {
                    "identifiers": [
                      "s3.amazonaws.com"
                    ],
                    "type": "Service"
                  }
                ],
                "resources": [
                  "arn:aws:sqs:eu-north-1:593793068814:sqs_notification"
                ],
                "sid": ""
              }
            ],
            "version": "2012-10-17"
          },
          "sensitive_attributes": []
        }
      ]
    },
    {
      "module": "module.sqs",
      "mode": "managed",
      "type": "aws_sqs_queue",
      "name": "dlq",
      "provider": "provider[\"registry.terraform.io/hashicorp/aws\"]",
      "instances": [
        {
          "schema_version": 0,
          "attributes": {
            "arn": "arn:aws:sqs:eu-north-1:593793068814:sqs_deadq",
            "content_based_deduplication": false,
            "deduplication_scope": "",
            "delay_seconds": 0,
            "fifo_queue": false,
            "fifo_throughput_limit": "",
            "id": "https://sqs.eu-north-1.amazonaws.com/593793068814/sqs_deadq",
            "kms_data_key_reuse_period_seconds": 300,
            "kms_master_key_id": "",
            "max_message_size": 262144,
            "message_retention_seconds": 345600,
            "name": "sqs_deadq",
            "name_prefix": "",
            "policy": "",
            "receive_wait_time_seconds": 0,
            "redrive_allow_policy": "",
            "redrive_policy": "",
            "sqs_managed_sse_enabled": true,
            "tags": {},
            "tags_all": {},
            "url": "https://sqs.eu-north-1.amazonaws.com/593793068814/sqs_deadq",
            "visibility_timeout_seconds": 30
          },
          "sensitive_attributes": [],
          "private": "bnVsbA=="
        }
      ]
    },
    {
      "module": "module.sqs",
      "mode": "managed",
      "type": "aws_sqs_queue",
      "name": "s3_notification_sqs",
      "provider": "provider[\"registry.terraform.io/hashicorp/aws\"]",
      "instances": [
        {
          "schema_version": 0,
          "attributes": {
            "arn": "arn:aws:sqs:eu-north-1:593793068814:sqs_notification",
            "content_based_deduplication": false,
            "deduplication_scope": "",
            "delay_seconds": 0,
            "fifo_queue": false,
            "fifo_throughput_limit": "",
            "id": "https://sqs.eu-north-1.amazonaws.com/593793068814/sqs_notification",
            "kms_data_key_reuse_period_seconds": 300,
            "kms_master_key_id": "",
            "max_message_size": 262144,
            "message_retention_seconds": 345600,
            "name": "sqs_notification",
            "name_prefix": "",
            "policy": "{\"Statement\":[{\"Action\":\"sqs:SendMessage\",\"Condition\":{\"ArnEquals\":{\"aws:SourceArn\":\"arn:aws:s3:::weather-lazars\"}},\"Effect\":\"Allow\",\"Principal\":{\"Service\":\"s3.amazonaws.com\"},\"Resource\":\"arn:aws:sqs:eu-north-1:593793068814:sqs_notification\"}],\"Version\":\"2012-10-17\"}",
            "receive_wait_time_seconds": 0,
            "redrive_allow_policy": "",
            "redrive_policy": "{\"deadLetterTargetArn\":\"arn:aws:sqs:eu-north-1:593793068814:sqs_deadq\",\"maxReceiveCount\":3}",
            "sqs_managed_sse_enabled": true,
            "tags": {},
            "tags_all": {},
            "url": "https://sqs.eu-north-1.amazonaws.com/593793068814/sqs_notification",
            "visibility_timeout_seconds": 30
          },
          "sensitive_attributes": [],
          "private": "bnVsbA==",
          "dependencies": [
            "module.sqs.aws_sqs_queue.dlq"
          ]
        }
      ]
    },
    {
      "module": "module.sqs",
      "mode": "managed",
      "type": "aws_sqs_queue_policy",
      "name": "sqs_policy",
      "provider": "provider[\"registry.terraform.io/hashicorp/aws\"]",
      "instances": [
        {
          "schema_version": 1,
          "attributes": {
            "id": "https://sqs.eu-north-1.amazonaws.com/593793068814/sqs_notification",
            "policy": "{\"Statement\":[{\"Action\":\"sqs:SendMessage\",\"Condition\":{\"ArnEquals\":{\"aws:SourceArn\":\"arn:aws:s3:::weather-lazars\"}},\"Effect\":\"Allow\",\"Principal\":{\"Service\":\"s3.amazonaws.com\"},\"Resource\":\"arn:aws:sqs:eu-north-1:593793068814:sqs_notification\"}],\"Version\":\"2012-10-17\"}",
            "queue_url": "https://sqs.eu-north-1.amazonaws.com/593793068814/sqs_notification"
          },
          "sensitive_attributes": [],
          "private": "eyJzY2hlbWFfdmVyc2lvbiI6IjEifQ==",
          "dependencies": [
            "module.s3.aws_s3_bucket.weather_bucket",
            "module.sqs.aws_sqs_queue.dlq",
            "module.sqs.aws_sqs_queue.s3_notification_sqs",
            "module.sqs.data.aws_iam_policy_document.queue"
          ]
        }
      ]
    }
  ],
  "check_results": null
}
