{
  "version": 4,
  "terraform_version": "1.6.3",
  "serial": 184,
  "lineage": "42f78dd7-b001-03b3-798d-00a68a2e95e8",
  "outputs": {},
  "resources": [
    {
      "module": "module.cloud_watch",
      "mode": "managed",
      "type": "aws_cloudwatch_event_rule",
      "name": "crawler_completion_rule",
      "provider": "provider[\"registry.terraform.io/hashicorp/aws\"]",
      "instances": [
        {
          "schema_version": 1,
          "attributes": {
            "arn": "arn:aws:events:eu-north-1:593793068814:rule/watch_crawler",
            "description": "Trigger Glue job afer crawler completes",
            "event_bus_name": "default",
            "event_pattern": "{\"detail\":{\"crawlerName\":[\"weather_crawler\"],\"state\":[\"SUCCEEDED\"]},\"detail_type\":[\"Glue Crawler State Change\"],\"source\":[\"aws.glue\"]}",
            "force_destroy": false,
            "id": "watch_crawler",
            "is_enabled": true,
            "name": "watch_crawler",
            "name_prefix": "",
            "role_arn": "",
            "schedule_expression": "",
            "state": "ENABLED",
            "tags": {},
            "tags_all": {}
          },
          "sensitive_attributes": [],
          "private": "eyJzY2hlbWFfdmVyc2lvbiI6IjEifQ==",
          "dependencies": [
            "module.glue.aws_glue_catalog_database.catalog",
            "module.glue_crawler.aws_glue_crawler.weather_crawler",
            "module.iam.aws_iam_role.glue_role",
            "module.s3.aws_s3_bucket.weather_bucket"
          ]
        }
      ]
    },
    {
      "module": "module.cloud_watch",
      "mode": "managed",
      "type": "aws_cloudwatch_event_target",
      "name": "trigger_glue_workflow",
      "provider": "provider[\"registry.terraform.io/hashicorp/aws\"]",
      "instances": [
        {
          "schema_version": 1,
          "attributes": {
            "appsync_target": [],
            "arn": "arn:aws:glue:eu-north-1:593793068814:workflow/Weather Workflow",
            "batch_target": [],
            "dead_letter_config": [],
            "ecs_target": [],
            "event_bus_name": "default",
            "force_destroy": false,
            "http_target": [],
            "id": "watch_crawler-terraform-20241125114202598900000004",
            "input": "",
            "input_path": "",
            "input_transformer": [],
            "kinesis_target": [],
            "redshift_target": [],
            "retry_policy": [],
            "role_arn": "arn:aws:iam::593793068814:role/CloudWatch_Role_Everything",
            "rule": "watch_crawler",
            "run_command_targets": [],
            "sagemaker_pipeline_target": [],
            "sqs_target": [],
            "target_id": "terraform-20241125114202598900000004"
          },
          "sensitive_attributes": [],
          "private": "eyJzY2hlbWFfdmVyc2lvbiI6IjEifQ==",
          "dependencies": [
            "module.cloud_watch.aws_cloudwatch_event_rule.crawler_completion_rule",
            "module.glue.aws_glue_catalog_database.catalog",
            "module.glue.aws_glue_workflow.data_processing_workflow",
            "module.glue_crawler.aws_glue_crawler.weather_crawler",
            "module.iam.aws_iam_role.cloudwatch_event_role",
            "module.iam.aws_iam_role.glue_role",
            "module.s3.aws_s3_bucket.weather_bucket"
          ]
        }
      ]
    },
    {
      "module": "module.dynamo",
      "mode": "managed",
      "type": "aws_dynamodb_table",
      "name": "file_status_table",
      "provider": "provider[\"registry.terraform.io/hashicorp/aws\"]",
      "instances": [
        {
          "schema_version": 1,
          "attributes": {
            "arn": "arn:aws:dynamodb:eu-north-1:593793068814:table/WeatherTable",
            "attribute": [
              {
                "name": "file_name",
                "type": "S"
              },
              {
                "name": "status",
                "type": "N"
              },
              {
                "name": "timestamp",
                "type": "S"
              }
            ],
            "billing_mode": "PAY_PER_REQUEST",
            "deletion_protection_enabled": false,
            "global_secondary_index": [
              {
                "hash_key": "status",
                "name": "status-index",
                "non_key_attributes": [],
                "on_demand_throughput": [],
                "projection_type": "ALL",
                "range_key": "",
                "read_capacity": 5,
                "write_capacity": 5
              }
            ],
            "hash_key": "file_name",
            "id": "WeatherTable",
            "import_table": [],
            "local_secondary_index": [],
            "name": "WeatherTable",
            "on_demand_throughput": [],
            "point_in_time_recovery": [
              {
                "enabled": false
              }
            ],
            "range_key": "timestamp",
            "read_capacity": 0,
            "replica": [],
            "restore_date_time": null,
            "restore_source_name": null,
            "restore_source_table_arn": null,
            "restore_to_latest_time": null,
            "server_side_encryption": [],
            "stream_arn": "",
            "stream_enabled": false,
            "stream_label": "",
            "stream_view_type": "",
            "table_class": "STANDARD",
            "tags": {
              "Name": "Weather-Table"
            },
            "tags_all": {
              "Name": "Weather-Table"
            },
            "timeouts": null,
            "ttl": [
              {
                "attribute_name": "",
                "enabled": false
              }
            ],
            "write_capacity": 0
          },
          "sensitive_attributes": [],
          "private": "eyJlMmJmYjczMC1lY2FhLTExZTYtOGY4OC0zNDM2M2JjN2M0YzAiOnsiY3JlYXRlIjoxODAwMDAwMDAwMDAwLCJkZWxldGUiOjYwMDAwMDAwMDAwMCwidXBkYXRlIjozNjAwMDAwMDAwMDAwfSwic2NoZW1hX3ZlcnNpb24iOiIxIn0="
        }
      ]
    },
    {
      "module": "module.glue",
      "mode": "managed",
      "type": "aws_glue_catalog_database",
      "name": "catalog",
      "provider": "provider[\"registry.terraform.io/hashicorp/aws\"]",
      "instances": [
        {
          "schema_version": 0,
          "attributes": {
            "arn": "arn:aws:glue:eu-north-1:593793068814:database/catalog_process",
            "catalog_id": "593793068814",
            "create_table_default_permission": [
              {
                "permissions": [
                  "ALL"
                ],
                "principal": [
                  {
                    "data_lake_principal_identifier": "IAM_ALLOWED_PRINCIPALS"
                  }
                ]
              }
            ],
            "description": "",
            "federated_database": [],
            "id": "593793068814:catalog_process",
            "location_uri": "",
            "name": "catalog_process",
            "parameters": {},
            "tags": {},
            "tags_all": {},
            "target_database": []
          },
          "sensitive_attributes": [],
          "private": "bnVsbA=="
        }
      ]
    },
    {
      "module": "module.glue",
      "mode": "managed",
      "type": "aws_glue_job",
      "name": "process_s3_data",
      "provider": "provider[\"registry.terraform.io/hashicorp/aws\"]",
      "instances": [
        {
          "schema_version": 0,
          "attributes": {
            "arn": "arn:aws:glue:eu-north-1:593793068814:job/Process_Data_Job",
            "command": [
              {
                "name": "glueetl",
                "python_version": "2",
                "runtime": "",
                "script_location": "s3://scripts-lazars/process_data.py"
              }
            ],
            "connections": [],
            "default_arguments": {
              "--input_data_path": "weather-lazars",
              "--output_data_path": "processed-lazars"
            },
            "description": "",
            "execution_class": "",
            "execution_property": [
              {
                "max_concurrent_runs": 1
              }
            ],
            "glue_version": "4.0",
            "id": "Process_Data_Job",
            "job_run_queuing_enabled": false,
            "maintenance_window": "",
            "max_capacity": 10,
            "max_retries": 0,
            "name": "Process_Data_Job",
            "non_overridable_arguments": {},
            "notification_property": [],
            "number_of_workers": 0,
            "role_arn": "arn:aws:iam::593793068814:role/Glue_Role_Everything",
            "security_configuration": "",
            "tags": {},
            "tags_all": {},
            "timeout": 60,
            "worker_type": ""
          },
          "sensitive_attributes": [],
          "private": "bnVsbA==",
          "dependencies": [
            "module.iam.aws_iam_role.glue_role",
            "module.s3.aws_s3_bucket.processed_data",
            "module.s3.aws_s3_bucket.script_bucket",
            "module.s3.aws_s3_bucket.weather_bucket"
          ]
        }
      ]
    },
    {
      "module": "module.glue",
      "mode": "managed",
      "type": "aws_glue_trigger",
      "name": "trigger_job",
      "provider": "provider[\"registry.terraform.io/hashicorp/aws\"]",
      "instances": [
        {
          "schema_version": 0,
          "attributes": {
            "actions": [
              {
                "arguments": {},
                "crawler_name": "",
                "job_name": "Process_Data_Job",
                "notification_property": [],
                "security_configuration": "",
                "timeout": 0
              }
            ],
            "arn": "arn:aws:glue:eu-north-1:593793068814:trigger/job_trigger",
            "description": "",
            "enabled": true,
            "event_batching_condition": [],
            "id": "job_trigger",
            "name": "job_trigger",
            "predicate": [
              {
                "conditions": [
                  {
                    "crawl_state": "",
                    "crawler_name": "",
                    "job_name": "weather_crawler",
                    "logical_operator": "EQUALS",
                    "state": "SUCCEEDED"
                  }
                ],
                "logical": "AND"
              }
            ],
            "schedule": "",
            "start_on_creation": null,
            "state": "ACTIVATED",
            "tags": {},
            "tags_all": {},
            "timeouts": null,
            "type": "CONDITIONAL",
            "workflow_name": "Weather Workflow"
          },
          "sensitive_attributes": [],
          "private": "eyJlMmJmYjczMC1lY2FhLTExZTYtOGY4OC0zNDM2M2JjN2M0YzAiOnsiY3JlYXRlIjozMDAwMDAwMDAwMDAsImRlbGV0ZSI6MzAwMDAwMDAwMDAwLCJ1cGRhdGUiOjMwMDAwMDAwMDAwMH19",
          "dependencies": [
            "module.glue.aws_glue_catalog_database.catalog",
            "module.glue.aws_glue_job.process_s3_data",
            "module.glue.aws_glue_workflow.data_processing_workflow",
            "module.glue_crawler.aws_glue_crawler.weather_crawler",
            "module.iam.aws_iam_role.glue_role",
            "module.s3.aws_s3_bucket.processed_data",
            "module.s3.aws_s3_bucket.script_bucket",
            "module.s3.aws_s3_bucket.weather_bucket"
          ]
        }
      ]
    },
    {
      "module": "module.glue",
      "mode": "managed",
      "type": "aws_glue_workflow",
      "name": "data_processing_workflow",
      "provider": "provider[\"registry.terraform.io/hashicorp/aws\"]",
      "instances": [
        {
          "schema_version": 0,
          "attributes": {
            "arn": "arn:aws:glue:eu-north-1:593793068814:workflow/Weather Workflow",
            "default_run_properties": {},
            "description": "Workflow to orchestrate Glue tasks",
            "id": "Weather Workflow",
            "max_concurrent_runs": 0,
            "name": "Weather Workflow",
            "tags": {},
            "tags_all": {}
          },
          "sensitive_attributes": [],
          "private": "bnVsbA=="
        }
      ]
    },
    {
      "module": "module.glue_crawler",
      "mode": "managed",
      "type": "aws_glue_crawler",
      "name": "weather_crawler",
      "provider": "provider[\"registry.terraform.io/hashicorp/aws\"]",
      "instances": [
        {
          "schema_version": 0,
          "attributes": {
            "arn": "arn:aws:glue:eu-north-1:593793068814:crawler/weather_crawler",
            "catalog_target": [],
            "classifiers": [],
            "configuration": "",
            "database_name": "catalog_process",
            "delta_target": [],
            "description": "",
            "dynamodb_target": [],
            "hudi_target": [],
            "iceberg_target": [],
            "id": "weather_crawler",
            "jdbc_target": [],
            "lake_formation_configuration": [
              {
                "account_id": "",
                "use_lake_formation_credentials": false
              }
            ],
            "lineage_configuration": [
              {
                "crawler_lineage_settings": "DISABLE"
              }
            ],
            "mongodb_target": [],
            "name": "weather_crawler",
            "recrawl_policy": [
              {
                "recrawl_behavior": "CRAWL_EVERYTHING"
              }
            ],
            "role": "Glue_Role_Everything",
            "s3_target": [
              {
                "connection_name": "",
                "dlq_event_queue_arn": "",
                "event_queue_arn": "",
                "exclusions": [],
                "path": "s3://weather-lazars",
                "sample_size": 0
              }
            ],
            "schedule": "cron(0 0 * * ? *)",
            "schema_change_policy": [
              {
                "delete_behavior": "DEPRECATE_IN_DATABASE",
                "update_behavior": "UPDATE_IN_DATABASE"
              }
            ],
            "security_configuration": "",
            "table_prefix": "",
            "tags": {},
            "tags_all": {}
          },
          "sensitive_attributes": [],
          "private": "bnVsbA==",
          "dependencies": [
            "module.glue.aws_glue_catalog_database.catalog",
            "module.iam.aws_iam_role.glue_role",
            "module.s3.aws_s3_bucket.weather_bucket"
          ]
        }
      ]
    },
    {
      "module": "module.iam",
      "mode": "data",
      "type": "aws_iam_policy_document",
      "name": "lambda_sqs_policy",
      "provider": "provider[\"registry.terraform.io/hashicorp/aws\"]",
      "instances": [
        {
          "schema_version": 0,
          "attributes": {
            "id": "1869427353",
            "json": "{\n  \"Version\": \"2012-10-17\",\n  \"Statement\": [\n    {\n      \"Effect\": \"Allow\",\n      \"Action\": [\n        \"sqs:ReceiveMessage\",\n        \"sqs:GetQueueAttributes\",\n        \"sqs:DeleteMessage\"\n      ],\n      \"Resource\": \"arn:aws:sqs:eu-north-1:593793068814:sqs_notification\"\n    },\n    {\n      \"Effect\": \"Allow\",\n      \"Action\": [\n        \"logs:*\",\n        \"cloudwatch:*\"\n      ],\n      \"Resource\": \"*\"\n    }\n  ]\n}",
            "minified_json": "{\"Version\":\"2012-10-17\",\"Statement\":[{\"Effect\":\"Allow\",\"Action\":[\"sqs:ReceiveMessage\",\"sqs:GetQueueAttributes\",\"sqs:DeleteMessage\"],\"Resource\":\"arn:aws:sqs:eu-north-1:593793068814:sqs_notification\"},{\"Effect\":\"Allow\",\"Action\":[\"logs:*\",\"cloudwatch:*\"],\"Resource\":\"*\"}]}",
            "override_json": null,
            "override_policy_documents": null,
            "policy_id": null,
            "source_json": null,
            "source_policy_documents": null,
            "statement": [
              {
                "actions": [
                  "sqs:DeleteMessage",
                  "sqs:GetQueueAttributes",
                  "sqs:ReceiveMessage"
                ],
                "condition": [],
                "effect": "Allow",
                "not_actions": [],
                "not_principals": [],
                "not_resources": [],
                "principals": [],
                "resources": [
                  "arn:aws:sqs:eu-north-1:593793068814:sqs_notification"
                ],
                "sid": ""
              },
              {
                "actions": [
                  "cloudwatch:*",
                  "logs:*"
                ],
                "condition": [],
                "effect": "Allow",
                "not_actions": [],
                "not_principals": [],
                "not_resources": [],
                "principals": [],
                "resources": [
                  "*"
                ],
                "sid": ""
              }
            ],
            "version": "2012-10-17"
          },
          "sensitive_attributes": []
        }
      ]
    },
    {
      "module": "module.iam",
      "mode": "managed",
      "type": "aws_iam_policy",
      "name": "glue_logs_policy",
      "provider": "provider[\"registry.terraform.io/hashicorp/aws\"]",
      "instances": [
        {
          "schema_version": 0,
          "attributes": {
            "arn": "arn:aws:iam::593793068814:policy/glue-logs-policy",
            "attachment_count": 0,
            "description": "Policy for Glue to write logs to CloudWatch",
            "id": "arn:aws:iam::593793068814:policy/glue-logs-policy",
            "name": "glue-logs-policy",
            "name_prefix": "",
            "path": "/",
            "policy": "{\"Statement\":[{\"Action\":[\"logs:CreateLogGroup\",\"logs:CreateLogStream\",\"logs:PutLogEvents\"],\"Effect\":\"Allow\",\"Resource\":\"arn:aws:logs:*\"}],\"Version\":\"2012-10-17\"}",
            "policy_id": "ANPAYUQGTF4HJJ2VSOBYE",
            "tags": null,
            "tags_all": {}
          },
          "sensitive_attributes": [],
          "private": "bnVsbA=="
        }
      ]
    },
    {
      "module": "module.iam",
      "mode": "managed",
      "type": "aws_iam_policy",
      "name": "glue_policy",
      "provider": "provider[\"registry.terraform.io/hashicorp/aws\"]",
      "instances": [
        {
          "schema_version": 0,
          "attributes": {
            "arn": "arn:aws:iam::593793068814:policy/glue-policy",
            "attachment_count": 0,
            "description": "Policy for Glue to access resources",
            "id": "arn:aws:iam::593793068814:policy/glue-policy",
            "name": "glue-policy",
            "name_prefix": "",
            "path": "/",
            "policy": "{\"Statement\":[{\"Action\":[\"s3:GetObject\",\"s3:PutObject\",\"s3:ListBucket\"],\"Effect\":\"Allow\",\"Resource\":[\"*\"]},{\"Action\":[\"logs:CreateLogGroup\",\"logs:CreateLogStream\",\"logs:PutLogEvents\"],\"Effect\":\"Allow\",\"Resource\":\"arn:aws:logs:*:*:*\"},{\"Action\":[\"glue:*\"],\"Effect\":\"Allow\",\"Resource\":\"*\"}],\"Version\":\"2012-10-17\"}",
            "policy_id": "ANPAYUQGTF4HORXGWXJ2Z",
            "tags": null,
            "tags_all": {}
          },
          "sensitive_attributes": [],
          "private": "bnVsbA=="
        }
      ]
    },
    {
      "module": "module.iam",
      "mode": "managed",
      "type": "aws_iam_policy",
      "name": "lambda_dynamodb_policy",
      "provider": "provider[\"registry.terraform.io/hashicorp/aws\"]",
      "instances": [
        {
          "schema_version": 0,
          "attributes": {
            "arn": "arn:aws:iam::593793068814:policy/lambda-dynamodb-policy",
            "attachment_count": 1,
            "description": "Allow Lambda to write data to DynamoDB",
            "id": "arn:aws:iam::593793068814:policy/lambda-dynamodb-policy",
            "name": "lambda-dynamodb-policy",
            "name_prefix": "",
            "path": "/",
            "policy": "{\"Statement\":[{\"Action\":[\"dynamodb:PutItem\",\"dynamodb:UpdateItem\",\"dynamodb:GetItem\",\"dynamodb:BatchWriteItem\",\"dynamodb:BatchGetItem\"],\"Effect\":\"Allow\",\"Resource\":\"arn:aws:dynamodb:eu-north-1:593793068814:table/WeatherTable\"}],\"Version\":\"2012-10-17\"}",
            "policy_id": "ANPAYUQGTF4HHVIOT6GGG",
            "tags": {},
            "tags_all": {}
          },
          "sensitive_attributes": [],
          "private": "bnVsbA==",
          "dependencies": [
            "module.dynamo.aws_dynamodb_table.file_status_table"
          ]
        }
      ]
    },
    {
      "module": "module.iam",
      "mode": "managed",
      "type": "aws_iam_policy",
      "name": "lambda_secrets_policy",
      "provider": "provider[\"registry.terraform.io/hashicorp/aws\"]",
      "instances": [
        {
          "schema_version": 0,
          "attributes": {
            "arn": "arn:aws:iam::593793068814:policy/lambda_secrets_policy",
            "attachment_count": 1,
            "description": "",
            "id": "arn:aws:iam::593793068814:policy/lambda_secrets_policy",
            "name": "lambda_secrets_policy",
            "name_prefix": "",
            "path": "/",
            "policy": "{\"Statement\":[{\"Action\":[\"secretsmanager:GetSecretValue\"],\"Effect\":\"Allow\",\"Resource\":\"*\"},{\"Action\":[\"logs:CreateLogGroup\",\"logs:CreateLogStream\",\"logs:PutLogEvents\"],\"Effect\":\"Allow\",\"Resource\":\"*\"}],\"Version\":\"2012-10-17\"}",
            "policy_id": "ANPAYUQGTF4HJ2VIGF3RX",
            "tags": {},
            "tags_all": {}
          },
          "sensitive_attributes": [],
          "private": "bnVsbA=="
        }
      ]
    },
    {
      "module": "module.iam",
      "mode": "managed",
      "type": "aws_iam_policy",
      "name": "lambda_sqs_policy",
      "provider": "provider[\"registry.terraform.io/hashicorp/aws\"]",
      "instances": [
        {
          "schema_version": 0,
          "attributes": {
            "arn": "arn:aws:iam::593793068814:policy/lambda-sqs-policy",
            "attachment_count": 1,
            "description": "Allow Lambda to interact with SQS",
            "id": "arn:aws:iam::593793068814:policy/lambda-sqs-policy",
            "name": "lambda-sqs-policy",
            "name_prefix": "",
            "path": "/",
            "policy": "{\"Statement\":[{\"Action\":[\"sqs:ReceiveMessage\",\"sqs:GetQueueAttributes\",\"sqs:DeleteMessage\"],\"Effect\":\"Allow\",\"Resource\":\"arn:aws:sqs:eu-north-1:593793068814:sqs_notification\"},{\"Action\":[\"logs:*\",\"cloudwatch:*\"],\"Effect\":\"Allow\",\"Resource\":\"*\"}],\"Version\":\"2012-10-17\"}",
            "policy_id": "ANPAYUQGTF4HPOHSSC67K",
            "tags": {},
            "tags_all": {}
          },
          "sensitive_attributes": [],
          "private": "bnVsbA==",
          "dependencies": [
            "module.iam.data.aws_iam_policy_document.lambda_sqs_policy",
            "module.sqs.aws_sqs_queue.dlq",
            "module.sqs.aws_sqs_queue.s3_notification_sqs"
          ]
        }
      ]
    },
    {
      "module": "module.iam",
      "mode": "managed",
      "type": "aws_iam_policy",
      "name": "s3_policy",
      "provider": "provider[\"registry.terraform.io/hashicorp/aws\"]",
      "instances": [
        {
          "schema_version": 0,
          "attributes": {
            "arn": "arn:aws:iam::593793068814:policy/Access_to_S3_Lambda",
            "attachment_count": 1,
            "description": "",
            "id": "arn:aws:iam::593793068814:policy/Access_to_S3_Lambda",
            "name": "Access_to_S3_Lambda",
            "name_prefix": "",
            "path": "/",
            "policy": "{\"Statement\":[{\"Action\":[\"s3:PutObject\",\"s3:GetObject\",\"s3:ListBucket\"],\"Effect\":\"Allow\",\"Resource\":\"*\"}],\"Version\":\"2012-10-17\"}",
            "policy_id": "ANPAYUQGTF4HB5ZPLASQC",
            "tags": {},
            "tags_all": {}
          },
          "sensitive_attributes": [],
          "private": "bnVsbA=="
        }
      ]
    },
    {
      "module": "module.iam",
      "mode": "managed",
      "type": "aws_iam_role",
      "name": "cloudwatch_event_role",
      "provider": "provider[\"registry.terraform.io/hashicorp/aws\"]",
      "instances": [
        {
          "schema_version": 0,
          "attributes": {
            "arn": "arn:aws:iam::593793068814:role/CloudWatch_Role_Everything",
            "assume_role_policy": "{\"Statement\":[{\"Action\":\"sts:AssumeRole\",\"Effect\":\"Allow\",\"Principal\":{\"Service\":\"events.amazonaws.com\"}}],\"Version\":\"2012-10-17\"}",
            "create_date": "2024-11-25T11:41:54Z",
            "description": "",
            "force_detach_policies": false,
            "id": "CloudWatch_Role_Everything",
            "inline_policy": [
              {
                "name": "cloudwatch-event-policy",
                "policy": "{\"Version\":\"2012-10-17\",\"Statement\":[{\"Action\":\"glue:StartJobRun\",\"Effect\":\"Allow\",\"Resource\":[\"arn:aws:glue:eu-north-1:593793068814:job/Process_Data_Job\"]}]}"
              }
            ],
            "managed_policy_arns": [],
            "max_session_duration": 3600,
            "name": "CloudWatch_Role_Everything",
            "name_prefix": "",
            "path": "/",
            "permissions_boundary": "",
            "tags": {},
            "tags_all": {},
            "unique_id": "AROAYUQGTF4HARDCCBO2E"
          },
          "sensitive_attributes": [],
          "private": "bnVsbA=="
        }
      ]
    },
    {
      "module": "module.iam",
      "mode": "managed",
      "type": "aws_iam_role",
      "name": "glue_role",
      "provider": "provider[\"registry.terraform.io/hashicorp/aws\"]",
      "instances": [
        {
          "schema_version": 0,
          "attributes": {
            "arn": "arn:aws:iam::593793068814:role/Glue_Role_Everything",
            "assume_role_policy": "{\"Statement\":[{\"Action\":\"sts:AssumeRole\",\"Effect\":\"Allow\",\"Principal\":{\"Service\":\"glue.amazonaws.com\"}}],\"Version\":\"2012-10-17\"}",
            "create_date": "2024-11-25T11:41:54Z",
            "description": "",
            "force_detach_policies": false,
            "id": "Glue_Role_Everything",
            "inline_policy": [],
            "managed_policy_arns": [
              "arn:aws:iam::593793068814:policy/Access_to_S3_and_Glue"
            ],
            "max_session_duration": 3600,
            "name": "Glue_Role_Everything",
            "name_prefix": "",
            "path": "/",
            "permissions_boundary": "",
            "tags": {},
            "tags_all": {},
            "unique_id": "AROAYUQGTF4HDQ74A72AI"
          },
          "sensitive_attributes": [],
          "private": "bnVsbA=="
        }
      ]
    },
    {
      "module": "module.iam",
      "mode": "managed",
      "type": "aws_iam_role",
      "name": "lambda_role",
      "provider": "provider[\"registry.terraform.io/hashicorp/aws\"]",
      "instances": [
        {
          "schema_version": 0,
          "attributes": {
            "arn": "arn:aws:iam::593793068814:role/Lambda_Role_Everything",
            "assume_role_policy": "{\"Statement\":[{\"Action\":\"sts:AssumeRole\",\"Effect\":\"Allow\",\"Principal\":{\"Service\":\"lambda.amazonaws.com\"}}],\"Version\":\"2012-10-17\"}",
            "create_date": "2024-11-25T11:41:54Z",
            "description": "",
            "force_detach_policies": false,
            "id": "Lambda_Role_Everything",
            "inline_policy": [],
            "managed_policy_arns": [
              "arn:aws:iam::593793068814:policy/Access_to_S3_Lambda",
              "arn:aws:iam::593793068814:policy/lambda-dynamodb-policy",
              "arn:aws:iam::593793068814:policy/lambda-sqs-policy",
              "arn:aws:iam::593793068814:policy/lambda_secrets_policy"
            ],
            "max_session_duration": 3600,
            "name": "Lambda_Role_Everything",
            "name_prefix": "",
            "path": "/",
            "permissions_boundary": "",
            "tags": {},
            "tags_all": {},
            "unique_id": "AROAYUQGTF4HGVGUP73TI"
          },
          "sensitive_attributes": [],
          "private": "bnVsbA=="
        }
      ]
    },
    {
      "module": "module.iam",
      "mode": "managed",
      "type": "aws_iam_role_policy",
      "name": "cloudwatch_event_policy",
      "provider": "provider[\"registry.terraform.io/hashicorp/aws\"]",
      "instances": [
        {
          "schema_version": 0,
          "attributes": {
            "id": "CloudWatch_Role_Everything:cloudwatch-event-policy",
            "name": "cloudwatch-event-policy",
            "name_prefix": "",
            "policy": "{\"Version\":\"2012-10-17\",\"Statement\":[{\"Action\":\"glue:StartJobRun\",\"Effect\":\"Allow\",\"Resource\":[\"arn:aws:glue:eu-north-1:593793068814:job/Process_Data_Job\"]}]}",
            "role": "CloudWatch_Role_Everything"
          },
          "sensitive_attributes": [],
          "private": "bnVsbA==",
          "dependencies": [
            "module.glue.aws_glue_job.process_s3_data",
            "module.iam.aws_iam_role.cloudwatch_event_role",
            "module.iam.aws_iam_role.glue_role",
            "module.s3.aws_s3_bucket.processed_data",
            "module.s3.aws_s3_bucket.script_bucket",
            "module.s3.aws_s3_bucket.weather_bucket"
          ]
        }
      ]
    },
    {
      "module": "module.iam",
      "mode": "managed",
      "type": "aws_iam_role_policy_attachment",
      "name": "attach_lambda_secrets_policy",
      "provider": "provider[\"registry.terraform.io/hashicorp/aws\"]",
      "instances": [
        {
          "schema_version": 0,
          "attributes": {
            "id": "Lambda_Role_Everything-20241125114155134200000001",
            "policy_arn": "arn:aws:iam::593793068814:policy/lambda_secrets_policy",
            "role": "Lambda_Role_Everything"
          },
          "sensitive_attributes": [],
          "private": "bnVsbA==",
          "dependencies": [
            "module.iam.aws_iam_policy.lambda_secrets_policy",
            "module.iam.aws_iam_role.lambda_role"
          ]
        }
      ]
    },
    {
      "module": "module.iam",
      "mode": "managed",
      "type": "aws_iam_role_policy_attachment",
      "name": "glue_logs_policy_attachment",
      "provider": "provider[\"registry.terraform.io/hashicorp/aws\"]",
      "instances": [
        {
          "schema_version": 0,
          "attributes": {
            "id": "Glue_Role_Everything-20241125143847171000000001",
            "policy_arn": "arn:aws:iam::593793068814:policy/glue-logs-policy",
            "role": "Glue_Role_Everything"
          },
          "sensitive_attributes": [],
          "private": "bnVsbA==",
          "dependencies": [
            "module.iam.aws_iam_policy.glue_logs_policy",
            "module.iam.aws_iam_role.glue_role"
          ]
        }
      ]
    },
    {
      "module": "module.iam",
      "mode": "managed",
      "type": "aws_iam_role_policy_attachment",
      "name": "glue_role_attachment",
      "provider": "provider[\"registry.terraform.io/hashicorp/aws\"]",
      "instances": [
        {
          "schema_version": 0,
          "attributes": {
            "id": "Glue_Role_Everything-20241125143847779100000002",
            "policy_arn": "arn:aws:iam::593793068814:policy/glue-policy",
            "role": "Glue_Role_Everything"
          },
          "sensitive_attributes": [],
          "private": "bnVsbA==",
          "dependencies": [
            "module.iam.aws_iam_policy.glue_policy",
            "module.iam.aws_iam_role.glue_role"
          ]
        }
      ]
    },
    {
      "module": "module.iam",
      "mode": "managed",
      "type": "aws_iam_role_policy_attachment",
      "name": "lambda_dynamodb_policy_attachment",
      "provider": "provider[\"registry.terraform.io/hashicorp/aws\"]",
      "instances": [
        {
          "schema_version": 0,
          "attributes": {
            "id": "Lambda_Role_Everything-20241125140808779000000001",
            "policy_arn": "arn:aws:iam::593793068814:policy/lambda-dynamodb-policy",
            "role": "Lambda_Role_Everything"
          },
          "sensitive_attributes": [],
          "private": "bnVsbA==",
          "dependencies": [
            "module.dynamo.aws_dynamodb_table.file_status_table",
            "module.iam.aws_iam_policy.lambda_dynamodb_policy",
            "module.iam.aws_iam_role.lambda_role"
          ]
        }
      ]
    },
    {
      "module": "module.iam",
      "mode": "managed",
      "type": "aws_iam_role_policy_attachment",
      "name": "lambda_role_attachment",
      "provider": "provider[\"registry.terraform.io/hashicorp/aws\"]",
      "instances": [
        {
          "schema_version": 0,
          "attributes": {
            "id": "Lambda_Role_Everything-20241125114156902000000003",
            "policy_arn": "arn:aws:iam::593793068814:policy/Access_to_S3_Lambda",
            "role": "Lambda_Role_Everything"
          },
          "sensitive_attributes": [],
          "private": "bnVsbA==",
          "dependencies": [
            "module.iam.aws_iam_policy.s3_policy",
            "module.iam.aws_iam_role.lambda_role"
          ]
        }
      ]
    },
    {
      "module": "module.iam",
      "mode": "managed",
      "type": "aws_iam_role_policy_attachment",
      "name": "lambda_sqs_policy_attachment",
      "provider": "provider[\"registry.terraform.io/hashicorp/aws\"]",
      "instances": [
        {
          "schema_version": 0,
          "attributes": {
            "id": "Lambda_Role_Everything-20241125114245690700000006",
            "policy_arn": "arn:aws:iam::593793068814:policy/lambda-sqs-policy",
            "role": "Lambda_Role_Everything"
          },
          "sensitive_attributes": [],
          "private": "bnVsbA==",
          "dependencies": [
            "module.iam.aws_iam_policy.lambda_sqs_policy",
            "module.iam.aws_iam_role.lambda_role",
            "module.iam.data.aws_iam_policy_document.lambda_sqs_policy",
            "module.sqs.aws_sqs_queue.dlq",
            "module.sqs.aws_sqs_queue.s3_notification_sqs"
          ]
        }
      ]
    },
    {
      "module": "module.lambda",
      "mode": "data",
      "type": "archive_file",
      "name": "api_layer_zip",
      "provider": "provider[\"registry.terraform.io/hashicorp/archive\"]",
      "instances": [
        {
          "schema_version": 0,
          "attributes": {
            "exclude_symlink_directories": null,
            "excludes": null,
            "id": "43a954fdfa48ac30b8c55bb492ab419e4ecbe74c",
            "output_base64sha256": "kE2nJDIwsFlIK3a5h4sl1SXVdHiOG2vG3XCs1tMRbQc=",
            "output_base64sha512": "XwP9vINt1eHEBnDQ+9hQiI0PV/7vTmS8M5cNDreUAzDpKmKerRuxCi/bcEw3e8TOgyyP9PqEBNBkSuvDs18wkg==",
            "output_file_mode": null,
            "output_md5": "45d85ba15ca4d883b06c928b97a1a30d",
            "output_path": "./../src/externalAPI/externalAPI.zip",
            "output_sha": "43a954fdfa48ac30b8c55bb492ab419e4ecbe74c",
            "output_sha256": "904da7243230b059482b76b9878b25d525d574788e1b6bc6dd70acd6d3116d07",
            "output_sha512": "5f03fdbc836dd5e1c40670d0fbd850888d0f57feef4e64bc33970d0eb7940330e92a629ead1bb10a2fdb704c377bc4ce832c8ff4fa8404d0644aebc3b35f3092",
            "output_size": 15744621,
            "source": [],
            "source_content": null,
            "source_content_filename": null,
            "source_dir": "./../src/externalAPI/",
            "source_file": null,
            "type": "zip"
          },
          "sensitive_attributes": []
        }
      ]
    },
    {
      "module": "module.lambda",
      "mode": "data",
      "type": "archive_file",
      "name": "lambda_sqs_zip",
      "provider": "provider[\"registry.terraform.io/hashicorp/archive\"]",
      "instances": [
        {
          "schema_version": 0,
          "attributes": {
            "exclude_symlink_directories": null,
            "excludes": null,
            "id": "85074d10ca6ae1de4cc9e5eaffe37416154c7b03",
            "output_base64sha256": "nm0hqQHJlA1DyWaavAIIHCVEMGR2GS1xdaP1QMU8eys=",
            "output_base64sha512": "X4WHvUF5mfhEOaAxb31jJejptAMKbAVvYcIzc6CBhlR0e0Q+bWRrn+IRxnUVmpZriaigw7c5HCFZfw7xseOZXA==",
            "output_file_mode": null,
            "output_md5": "e8a3c154d254921b06c70d880f31e64b",
            "output_path": "./../src/functions/zipped/put_weather_dynamo.zip",
            "output_sha": "85074d10ca6ae1de4cc9e5eaffe37416154c7b03",
            "output_sha256": "9e6d21a901c9940d43c9669abc02081c2544306476192d7175a3f540c53c7b2b",
            "output_sha512": "5f8587bd417999f84439a0316f7d6325e8e9b4030a6c056f61c23373a0818654747b443e6d646b9fe211c675159a966b89a8a0c3b7391c21597f0ef1b1e3995c",
            "output_size": 625,
            "source": [],
            "source_content": null,
            "source_content_filename": null,
            "source_dir": null,
            "source_file": "./../src/functions/put_weather_dynamo.py",
            "type": "zip"
          },
          "sensitive_attributes": []
        }
      ]
    },
    {
      "module": "module.lambda",
      "mode": "data",
      "type": "archive_file",
      "name": "lambda_zip",
      "provider": "provider[\"registry.terraform.io/hashicorp/archive\"]",
      "instances": [
        {
          "index_key": "get_pollution_data",
          "schema_version": 0,
          "attributes": {
            "exclude_symlink_directories": null,
            "excludes": null,
            "id": "903c566644dc7d0221e209856d947371d17ba320",
            "output_base64sha256": "i4aKB+geCtid30au245Fa0ZZtaLIJCXlvlxlSKkUpzU=",
            "output_base64sha512": "OqtnEeIHUPCH9K7CQtnyhdxjEZX6LqhY6itkW6L4y9DEoQG8jerqdVNv+DU8HAH2PLXXxOAehXLd/aLm60VSnQ==",
            "output_file_mode": null,
            "output_md5": "0a37a5292b340bacdf732c4ca2cc0d24",
            "output_path": "./../src/functions/zipped/get_pollution_data.zip",
            "output_sha": "903c566644dc7d0221e209856d947371d17ba320",
            "output_sha256": "8b868a07e81e0ad89ddf46aedb8e456b4659b5a2c82425e5be5c6548a914a735",
            "output_sha512": "3aab6711e20750f087f4aec242d9f285dc631195fa2ea858ea2b645ba2f8cbd0c4a101bc8deaea75536ff8353c1c01f63cb5d7c4e01e8572ddfda2e6eb45529d",
            "output_size": 1583,
            "source": [],
            "source_content": null,
            "source_content_filename": null,
            "source_dir": null,
            "source_file": "./../src/functions/get_weather_data.py",
            "type": "zip"
          },
          "sensitive_attributes": []
        },
        {
          "index_key": "get_sensor_data",
          "schema_version": 0,
          "attributes": {
            "exclude_symlink_directories": null,
            "excludes": null,
            "id": "903c566644dc7d0221e209856d947371d17ba320",
            "output_base64sha256": "i4aKB+geCtid30au245Fa0ZZtaLIJCXlvlxlSKkUpzU=",
            "output_base64sha512": "OqtnEeIHUPCH9K7CQtnyhdxjEZX6LqhY6itkW6L4y9DEoQG8jerqdVNv+DU8HAH2PLXXxOAehXLd/aLm60VSnQ==",
            "output_file_mode": null,
            "output_md5": "0a37a5292b340bacdf732c4ca2cc0d24",
            "output_path": "./../src/functions/zipped/get_sensor_data.zip",
            "output_sha": "903c566644dc7d0221e209856d947371d17ba320",
            "output_sha256": "8b868a07e81e0ad89ddf46aedb8e456b4659b5a2c82425e5be5c6548a914a735",
            "output_sha512": "3aab6711e20750f087f4aec242d9f285dc631195fa2ea858ea2b645ba2f8cbd0c4a101bc8deaea75536ff8353c1c01f63cb5d7c4e01e8572ddfda2e6eb45529d",
            "output_size": 1583,
            "source": [],
            "source_content": null,
            "source_content_filename": null,
            "source_dir": null,
            "source_file": "./../src/functions/get_weather_data.py",
            "type": "zip"
          },
          "sensitive_attributes": []
        },
        {
          "index_key": "get_weather_data",
          "schema_version": 0,
          "attributes": {
            "exclude_symlink_directories": null,
            "excludes": null,
            "id": "903c566644dc7d0221e209856d947371d17ba320",
            "output_base64sha256": "i4aKB+geCtid30au245Fa0ZZtaLIJCXlvlxlSKkUpzU=",
            "output_base64sha512": "OqtnEeIHUPCH9K7CQtnyhdxjEZX6LqhY6itkW6L4y9DEoQG8jerqdVNv+DU8HAH2PLXXxOAehXLd/aLm60VSnQ==",
            "output_file_mode": null,
            "output_md5": "0a37a5292b340bacdf732c4ca2cc0d24",
            "output_path": "./../src/functions/zipped/get_weather_data.zip",
            "output_sha": "903c566644dc7d0221e209856d947371d17ba320",
            "output_sha256": "8b868a07e81e0ad89ddf46aedb8e456b4659b5a2c82425e5be5c6548a914a735",
            "output_sha512": "3aab6711e20750f087f4aec242d9f285dc631195fa2ea858ea2b645ba2f8cbd0c4a101bc8deaea75536ff8353c1c01f63cb5d7c4e01e8572ddfda2e6eb45529d",
            "output_size": 1583,
            "source": [],
            "source_content": null,
            "source_content_filename": null,
            "source_dir": null,
            "source_file": "./../src/functions/get_weather_data.py",
            "type": "zip"
          },
          "sensitive_attributes": []
        }
      ]
    },
    {
      "module": "module.lambda",
      "mode": "managed",
      "type": "aws_lambda_event_source_mapping",
      "name": "sqs_trigger",
      "provider": "provider[\"registry.terraform.io/hashicorp/aws\"]",
      "instances": [
        {
          "schema_version": 0,
          "attributes": {
            "amazon_managed_kafka_event_source_config": [],
            "arn": "arn:aws:lambda:eu-north-1:593793068814:event-source-mapping:ab49fff9-a48f-43d3-910d-7a1ebddea22c",
            "batch_size": 10,
            "bisect_batch_on_function_error": false,
            "destination_config": [],
            "document_db_event_source_config": [],
            "enabled": true,
            "event_source_arn": "arn:aws:sqs:eu-north-1:593793068814:sqs_notification",
            "filter_criteria": [],
            "function_arn": "arn:aws:lambda:eu-north-1:593793068814:function:put_weather_dynamo",
            "function_name": "arn:aws:lambda:eu-north-1:593793068814:function:put_weather_dynamo",
            "function_response_types": [],
            "id": "ab49fff9-a48f-43d3-910d-7a1ebddea22c",
            "kms_key_arn": "",
            "last_modified": "2024-11-25T11:42:54Z",
            "last_processing_result": "",
            "maximum_batching_window_in_seconds": 0,
            "maximum_record_age_in_seconds": 0,
            "maximum_retry_attempts": 0,
            "parallelization_factor": 0,
            "queues": [],
            "scaling_config": [],
            "self_managed_event_source": [],
            "self_managed_kafka_event_source_config": [],
            "source_access_configuration": [],
            "starting_position": "",
            "starting_position_timestamp": "",
            "state": "Enabled",
            "state_transition_reason": "USER_INITIATED",
            "tags": {},
            "tags_all": {},
            "topics": [],
            "tumbling_window_in_seconds": 0,
            "uuid": "ab49fff9-a48f-43d3-910d-7a1ebddea22c"
          },
          "sensitive_attributes": [],
          "private": "bnVsbA==",
          "dependencies": [
            "module.iam.aws_iam_policy.s3_policy",
            "module.iam.aws_iam_role.lambda_role",
            "module.iam.aws_iam_role_policy_attachment.lambda_role_attachment",
            "module.lambda.aws_lambda_function.put_weather_dynamo",
            "module.lambda.data.archive_file.lambda_sqs_zip",
            "module.sqs.aws_sqs_queue.dlq",
            "module.sqs.aws_sqs_queue.s3_notification_sqs"
          ]
        }
      ]
    },
    {
      "module": "module.lambda",
      "mode": "managed",
      "type": "aws_lambda_function",
      "name": "get_data_from_source_bucket",
      "provider": "provider[\"registry.terraform.io/hashicorp/aws\"]",
      "instances": [
        {
          "index_key": "get_pollution_data",
          "schema_version": 0,
          "attributes": {
            "architectures": [
              "x86_64"
            ],
            "arn": "arn:aws:lambda:eu-north-1:593793068814:function:get_pollution_data",
            "code_sha256": "i4aKB+geCtid30au245Fa0ZZtaLIJCXlvlxlSKkUpzU=",
            "code_signing_config_arn": "",
            "dead_letter_config": [],
            "description": "",
            "environment": [
              {
                "variables": {
                  "API_ENDPOINT": "https://rq5fbome43vbdgq7xoe7d6wbwa0ngkgr.lambda-url.eu-west-1.on.aws/",
                  "API_KEY": "tourist_estimate_token",
                  "CITY_NAME": "Belgrade",
                  "CITY_NAME_SRB": "Beograd",
                  "DESTINATION_BUCKET": "weather-lazars",
                  "REGION_NAME": "eu-west-1",
                  "SOURCE_BUCKET": "nine-air-weather-data",
                  "SOURCE_FOLDER": "pollution"
                }
              }
            ],
            "ephemeral_storage": [
              {
                "size": 512
              }
            ],
            "file_system_config": [],
            "filename": "./../src/functions/zipped/get_pollution_data.zip",
            "function_name": "get_pollution_data",
            "handler": "get_weather_data.lambda_handler",
            "id": "get_pollution_data",
            "image_config": [],
            "image_uri": "",
            "invoke_arn": "arn:aws:apigateway:eu-north-1:lambda:path/2015-03-31/functions/arn:aws:lambda:eu-north-1:593793068814:function:get_pollution_data/invocations",
            "kms_key_arn": "",
            "last_modified": "2024-11-25T13:48:44.557+0000",
            "layers": [
              "arn:aws:lambda:eu-north-1:593793068814:layer:externalAPI:6"
            ],
            "logging_config": [
              {
                "application_log_level": "",
                "log_format": "Text",
                "log_group": "/aws/lambda/get_pollution_data",
                "system_log_level": ""
              }
            ],
            "memory_size": 128,
            "package_type": "Zip",
            "publish": false,
            "qualified_arn": "arn:aws:lambda:eu-north-1:593793068814:function:get_pollution_data:$LATEST",
            "qualified_invoke_arn": "arn:aws:apigateway:eu-north-1:lambda:path/2015-03-31/functions/arn:aws:lambda:eu-north-1:593793068814:function:get_pollution_data:$LATEST/invocations",
            "replace_security_groups_on_destroy": null,
            "replacement_security_group_ids": null,
            "reserved_concurrent_executions": -1,
            "role": "arn:aws:iam::593793068814:role/Lambda_Role_Everything",
            "runtime": "python3.13",
            "s3_bucket": null,
            "s3_key": null,
            "s3_object_version": null,
            "signing_job_arn": "",
            "signing_profile_version_arn": "",
            "skip_destroy": false,
            "snap_start": [],
            "source_code_hash": "",
            "source_code_size": 1583,
            "tags": {},
            "tags_all": {},
            "timeout": 900,
            "timeouts": null,
            "tracing_config": [
              {
                "mode": "PassThrough"
              }
            ],
            "version": "$LATEST",
            "vpc_config": []
          },
          "sensitive_attributes": [],
          "private": "eyJlMmJmYjczMC1lY2FhLTExZTYtOGY4OC0zNDM2M2JjN2M0YzAiOnsiY3JlYXRlIjo2MDAwMDAwMDAwMDAsImRlbGV0ZSI6NjAwMDAwMDAwMDAwLCJ1cGRhdGUiOjYwMDAwMDAwMDAwMH19",
          "dependencies": [
            "module.iam.aws_iam_policy.s3_policy",
            "module.iam.aws_iam_role.lambda_role",
            "module.iam.aws_iam_role_policy_attachment.lambda_role_attachment",
            "module.lambda.aws_lambda_layer_version.external_API",
            "module.lambda.data.archive_file.api_layer_zip",
            "module.lambda.data.archive_file.lambda_zip"
          ]
        },
        {
          "index_key": "get_sensor_data",
          "schema_version": 0,
          "attributes": {
            "architectures": [
              "x86_64"
            ],
            "arn": "arn:aws:lambda:eu-north-1:593793068814:function:get_sensor_data",
            "code_sha256": "i4aKB+geCtid30au245Fa0ZZtaLIJCXlvlxlSKkUpzU=",
            "code_signing_config_arn": "",
            "dead_letter_config": [],
            "description": "",
            "environment": [
              {
                "variables": {
                  "API_ENDPOINT": "https://rq5fbome43vbdgq7xoe7d6wbwa0ngkgr.lambda-url.eu-west-1.on.aws/",
                  "API_KEY": "tourist_estimate_token",
                  "CITY_NAME": "Belgrade",
                  "CITY_NAME_SRB": "Beograd",
                  "DESTINATION_BUCKET": "weather-lazars",
                  "REGION_NAME": "eu-west-1",
                  "SOURCE_BUCKET": "nine-air-weather-data",
                  "SOURCE_FOLDER": "sensor"
                }
              }
            ],
            "ephemeral_storage": [
              {
                "size": 512
              }
            ],
            "file_system_config": [],
            "filename": "./../src/functions/zipped/get_sensor_data.zip",
            "function_name": "get_sensor_data",
            "handler": "get_weather_data.lambda_handler",
            "id": "get_sensor_data",
            "image_config": [],
            "image_uri": "",
            "invoke_arn": "arn:aws:apigateway:eu-north-1:lambda:path/2015-03-31/functions/arn:aws:lambda:eu-north-1:593793068814:function:get_sensor_data/invocations",
            "kms_key_arn": "",
            "last_modified": "2024-11-25T13:48:38.431+0000",
            "layers": [
              "arn:aws:lambda:eu-north-1:593793068814:layer:externalAPI:6"
            ],
            "logging_config": [
              {
                "application_log_level": "",
                "log_format": "Text",
                "log_group": "/aws/lambda/get_sensor_data",
                "system_log_level": ""
              }
            ],
            "memory_size": 128,
            "package_type": "Zip",
            "publish": false,
            "qualified_arn": "arn:aws:lambda:eu-north-1:593793068814:function:get_sensor_data:$LATEST",
            "qualified_invoke_arn": "arn:aws:apigateway:eu-north-1:lambda:path/2015-03-31/functions/arn:aws:lambda:eu-north-1:593793068814:function:get_sensor_data:$LATEST/invocations",
            "replace_security_groups_on_destroy": null,
            "replacement_security_group_ids": null,
            "reserved_concurrent_executions": -1,
            "role": "arn:aws:iam::593793068814:role/Lambda_Role_Everything",
            "runtime": "python3.13",
            "s3_bucket": null,
            "s3_key": null,
            "s3_object_version": null,
            "signing_job_arn": "",
            "signing_profile_version_arn": "",
            "skip_destroy": false,
            "snap_start": [],
            "source_code_hash": "",
            "source_code_size": 1583,
            "tags": {},
            "tags_all": {},
            "timeout": 900,
            "timeouts": null,
            "tracing_config": [
              {
                "mode": "PassThrough"
              }
            ],
            "version": "$LATEST",
            "vpc_config": []
          },
          "sensitive_attributes": [],
          "private": "eyJlMmJmYjczMC1lY2FhLTExZTYtOGY4OC0zNDM2M2JjN2M0YzAiOnsiY3JlYXRlIjo2MDAwMDAwMDAwMDAsImRlbGV0ZSI6NjAwMDAwMDAwMDAwLCJ1cGRhdGUiOjYwMDAwMDAwMDAwMH19",
          "dependencies": [
            "module.iam.aws_iam_policy.s3_policy",
            "module.iam.aws_iam_role.lambda_role",
            "module.iam.aws_iam_role_policy_attachment.lambda_role_attachment",
            "module.lambda.aws_lambda_layer_version.external_API",
            "module.lambda.data.archive_file.api_layer_zip",
            "module.lambda.data.archive_file.lambda_zip"
          ]
        },
        {
          "index_key": "get_weather_data",
          "schema_version": 0,
          "attributes": {
            "architectures": [
              "x86_64"
            ],
            "arn": "arn:aws:lambda:eu-north-1:593793068814:function:get_weather_data",
            "code_sha256": "i4aKB+geCtid30au245Fa0ZZtaLIJCXlvlxlSKkUpzU=",
            "code_signing_config_arn": "",
            "dead_letter_config": [],
            "description": "",
            "environment": [
              {
                "variables": {
                  "API_ENDPOINT": "https://rq5fbome43vbdgq7xoe7d6wbwa0ngkgr.lambda-url.eu-west-1.on.aws/",
                  "API_KEY": "tourist_estimate_token",
                  "CITY_NAME": "Belgrade",
                  "CITY_NAME_SRB": "Beograd",
                  "DESTINATION_BUCKET": "weather-lazars",
                  "REGION_NAME": "eu-west-1",
                  "SOURCE_BUCKET": "nine-air-weather-data",
                  "SOURCE_FOLDER": "weather"
                }
              }
            ],
            "ephemeral_storage": [
              {
                "size": 512
              }
            ],
            "file_system_config": [],
            "filename": "./../src/functions/zipped/get_weather_data.zip",
            "function_name": "get_weather_data",
            "handler": "get_weather_data.lambda_handler",
            "id": "get_weather_data",
            "image_config": [],
            "image_uri": "",
            "invoke_arn": "arn:aws:apigateway:eu-north-1:lambda:path/2015-03-31/functions/arn:aws:lambda:eu-north-1:593793068814:function:get_weather_data/invocations",
            "kms_key_arn": "",
            "last_modified": "2024-11-25T13:48:50.588+0000",
            "layers": [
              "arn:aws:lambda:eu-north-1:593793068814:layer:externalAPI:6"
            ],
            "logging_config": [
              {
                "application_log_level": "",
                "log_format": "Text",
                "log_group": "/aws/lambda/get_weather_data",
                "system_log_level": ""
              }
            ],
            "memory_size": 128,
            "package_type": "Zip",
            "publish": false,
            "qualified_arn": "arn:aws:lambda:eu-north-1:593793068814:function:get_weather_data:$LATEST",
            "qualified_invoke_arn": "arn:aws:apigateway:eu-north-1:lambda:path/2015-03-31/functions/arn:aws:lambda:eu-north-1:593793068814:function:get_weather_data:$LATEST/invocations",
            "replace_security_groups_on_destroy": null,
            "replacement_security_group_ids": null,
            "reserved_concurrent_executions": -1,
            "role": "arn:aws:iam::593793068814:role/Lambda_Role_Everything",
            "runtime": "python3.13",
            "s3_bucket": null,
            "s3_key": null,
            "s3_object_version": null,
            "signing_job_arn": "",
            "signing_profile_version_arn": "",
            "skip_destroy": false,
            "snap_start": [],
            "source_code_hash": "",
            "source_code_size": 1583,
            "tags": {},
            "tags_all": {},
            "timeout": 900,
            "timeouts": null,
            "tracing_config": [
              {
                "mode": "PassThrough"
              }
            ],
            "version": "$LATEST",
            "vpc_config": []
          },
          "sensitive_attributes": [],
          "private": "eyJlMmJmYjczMC1lY2FhLTExZTYtOGY4OC0zNDM2M2JjN2M0YzAiOnsiY3JlYXRlIjo2MDAwMDAwMDAwMDAsImRlbGV0ZSI6NjAwMDAwMDAwMDAwLCJ1cGRhdGUiOjYwMDAwMDAwMDAwMH19",
          "dependencies": [
            "module.iam.aws_iam_policy.s3_policy",
            "module.iam.aws_iam_role.lambda_role",
            "module.iam.aws_iam_role_policy_attachment.lambda_role_attachment",
            "module.lambda.aws_lambda_layer_version.external_API",
            "module.lambda.data.archive_file.api_layer_zip",
            "module.lambda.data.archive_file.lambda_zip"
          ]
        }
      ]
    },
    {
      "module": "module.lambda",
      "mode": "managed",
      "type": "aws_lambda_function",
      "name": "put_weather_dynamo",
      "provider": "provider[\"registry.terraform.io/hashicorp/aws\"]",
      "instances": [
        {
          "schema_version": 0,
          "attributes": {
            "architectures": [
              "x86_64"
            ],
            "arn": "arn:aws:lambda:eu-north-1:593793068814:function:put_weather_dynamo",
            "code_sha256": "nm0hqQHJlA1DyWaavAIIHCVEMGR2GS1xdaP1QMU8eys=",
            "code_signing_config_arn": "",
            "dead_letter_config": [],
            "description": "",
            "environment": [
              {
                "variables": {
                  "DYNAMODB_TABLE_NAME": "WeatherTable"
                }
              }
            ],
            "ephemeral_storage": [
              {
                "size": 512
              }
            ],
            "file_system_config": [],
            "filename": "./../src/functions/zipped/put_weather_dynamo.zip",
            "function_name": "put_weather_dynamo",
            "handler": "put_weather_dynamo.lambda_handler",
            "id": "put_weather_dynamo",
            "image_config": [],
            "image_uri": "",
            "invoke_arn": "arn:aws:apigateway:eu-north-1:lambda:path/2015-03-31/functions/arn:aws:lambda:eu-north-1:593793068814:function:put_weather_dynamo/invocations",
            "kms_key_arn": "",
            "last_modified": "2024-11-25T13:48:32.279+0000",
            "layers": [],
            "logging_config": [
              {
                "application_log_level": "",
                "log_format": "Text",
                "log_group": "/aws/lambda/put_weather_dynamo",
                "system_log_level": ""
              }
            ],
            "memory_size": 128,
            "package_type": "Zip",
            "publish": false,
            "qualified_arn": "arn:aws:lambda:eu-north-1:593793068814:function:put_weather_dynamo:$LATEST",
            "qualified_invoke_arn": "arn:aws:apigateway:eu-north-1:lambda:path/2015-03-31/functions/arn:aws:lambda:eu-north-1:593793068814:function:put_weather_dynamo:$LATEST/invocations",
            "replace_security_groups_on_destroy": null,
            "replacement_security_group_ids": null,
            "reserved_concurrent_executions": -1,
            "role": "arn:aws:iam::593793068814:role/Lambda_Role_Everything",
            "runtime": "python3.13",
            "s3_bucket": null,
            "s3_key": null,
            "s3_object_version": null,
            "signing_job_arn": "",
            "signing_profile_version_arn": "",
            "skip_destroy": false,
            "snap_start": [],
            "source_code_hash": "",
            "source_code_size": 625,
            "tags": {},
            "tags_all": {},
            "timeout": 3,
            "timeouts": null,
            "tracing_config": [
              {
                "mode": "PassThrough"
              }
            ],
            "version": "$LATEST",
            "vpc_config": []
          },
          "sensitive_attributes": [],
          "private": "eyJlMmJmYjczMC1lY2FhLTExZTYtOGY4OC0zNDM2M2JjN2M0YzAiOnsiY3JlYXRlIjo2MDAwMDAwMDAwMDAsImRlbGV0ZSI6NjAwMDAwMDAwMDAwLCJ1cGRhdGUiOjYwMDAwMDAwMDAwMH19",
          "dependencies": [
            "module.iam.aws_iam_policy.s3_policy",
            "module.iam.aws_iam_role.lambda_role",
            "module.iam.aws_iam_role_policy_attachment.lambda_role_attachment",
            "module.lambda.data.archive_file.lambda_sqs_zip"
          ]
        }
      ]
    },
    {
      "module": "module.lambda",
      "mode": "managed",
      "type": "aws_lambda_layer_version",
      "name": "external_API",
      "provider": "provider[\"registry.terraform.io/hashicorp/aws\"]",
      "instances": [
        {
          "schema_version": 0,
          "attributes": {
            "arn": "arn:aws:lambda:eu-north-1:593793068814:layer:externalAPI:6",
            "code_sha256": "kE2nJDIwsFlIK3a5h4sl1SXVdHiOG2vG3XCs1tMRbQc=",
            "compatible_architectures": [],
            "compatible_runtimes": [
              "python3.13"
            ],
            "created_date": "2024-11-25T11:42:01.005+0000",
            "description": "",
            "filename": "./../src/externalAPI/externalAPI.zip",
            "id": "arn:aws:lambda:eu-north-1:593793068814:layer:externalAPI:6",
            "layer_arn": "arn:aws:lambda:eu-north-1:593793068814:layer:externalAPI",
            "layer_name": "externalAPI",
            "license_info": "",
            "s3_bucket": null,
            "s3_key": null,
            "s3_object_version": null,
            "signing_job_arn": "",
            "signing_profile_version_arn": "",
            "skip_destroy": false,
            "source_code_hash": "kE2nJDIwsFlIK3a5h4sl1SXVdHiOG2vG3XCs1tMRbQc=",
            "source_code_size": 15744621,
            "version": "6"
          },
          "sensitive_attributes": [],
          "private": "bnVsbA==",
          "dependencies": [
            "module.lambda.data.archive_file.api_layer_zip"
          ]
        }
      ]
    },
    {
      "module": "module.s3",
      "mode": "data",
      "type": "aws_iam_policy_document",
      "name": "s3",
      "provider": "provider[\"registry.terraform.io/hashicorp/aws\"]",
      "instances": [
        {
          "schema_version": 0,
          "attributes": {
            "id": "587785818",
            "json": "{\n  \"Version\": \"2012-10-17\",\n  \"Statement\": [\n    {\n      \"Effect\": \"Allow\",\n      \"Action\": [\n        \"s3:PutObjectAcl\",\n        \"s3:PutObject\"\n      ],\n      \"Resource\": \"arn:aws:s3:::weather-lazars/*\",\n      \"Principal\": {\n        \"AWS\": \"arn:aws:iam::593793068814:role/Lambda_Role_Everything\"\n      }\n    }\n  ]\n}",
            "minified_json": "{\"Version\":\"2012-10-17\",\"Statement\":[{\"Effect\":\"Allow\",\"Action\":[\"s3:PutObjectAcl\",\"s3:PutObject\"],\"Resource\":\"arn:aws:s3:::weather-lazars/*\",\"Principal\":{\"AWS\":\"arn:aws:iam::593793068814:role/Lambda_Role_Everything\"}}]}",
            "override_json": null,
            "override_policy_documents": null,
            "policy_id": null,
            "source_json": null,
            "source_policy_documents": null,
            "statement": [
              {
                "actions": [
                  "s3:PutObject",
                  "s3:PutObjectAcl"
                ],
                "condition": [],
                "effect": "Allow",
                "not_actions": [],
                "not_principals": [],
                "not_resources": [],
                "principals": [
                  {
                    "identifiers": [
                      "arn:aws:iam::593793068814:role/Lambda_Role_Everything"
                    ],
                    "type": "AWS"
                  }
                ],
                "resources": [
                  "arn:aws:s3:::weather-lazars/*"
                ],
                "sid": ""
              }
            ],
            "version": "2012-10-17"
          },
          "sensitive_attributes": []
        }
      ]
    },
    {
      "module": "module.s3",
      "mode": "managed",
      "type": "aws_s3_bucket",
      "name": "processed_data",
      "provider": "provider[\"registry.terraform.io/hashicorp/aws\"]",
      "instances": [
        {
          "schema_version": 0,
          "attributes": {
            "acceleration_status": "",
            "acl": null,
            "arn": "arn:aws:s3:::processed-lazars",
            "bucket": "processed-lazars",
            "bucket_domain_name": "processed-lazars.s3.amazonaws.com",
            "bucket_prefix": "",
            "bucket_regional_domain_name": "processed-lazars.s3.eu-north-1.amazonaws.com",
            "cors_rule": [],
            "force_destroy": false,
            "grant": [
              {
                "id": "922348abb591d25cd729c6973abef0d9e990f98cd3f760dace15a071f8d98559",
                "permissions": [
                  "FULL_CONTROL"
                ],
                "type": "CanonicalUser",
                "uri": ""
              }
            ],
            "hosted_zone_id": "Z3BAZG2TWCNX0D",
            "id": "processed-lazars",
            "lifecycle_rule": [],
            "logging": [],
            "object_lock_configuration": [],
            "object_lock_enabled": false,
            "policy": "",
            "region": "eu-north-1",
            "replication_configuration": [],
            "request_payer": "BucketOwner",
            "server_side_encryption_configuration": [
              {
                "rule": [
                  {
                    "apply_server_side_encryption_by_default": [
                      {
                        "kms_master_key_id": "",
                        "sse_algorithm": "AES256"
                      }
                    ],
                    "bucket_key_enabled": false
                  }
                ]
              }
            ],
            "tags": {
              "Name": "Finalized Data"
            },
            "tags_all": {
              "Name": "Finalized Data"
            },
            "timeouts": null,
            "versioning": [
              {
                "enabled": false,
                "mfa_delete": false
              }
            ],
            "website": [],
            "website_domain": null,
            "website_endpoint": null
          },
          "sensitive_attributes": [],
          "private": "eyJlMmJmYjczMC1lY2FhLTExZTYtOGY4OC0zNDM2M2JjN2M0YzAiOnsiY3JlYXRlIjoxMjAwMDAwMDAwMDAwLCJkZWxldGUiOjM2MDAwMDAwMDAwMDAsInJlYWQiOjEyMDAwMDAwMDAwMDAsInVwZGF0ZSI6MTIwMDAwMDAwMDAwMH19"
        }
      ]
    },
    {
      "module": "module.s3",
      "mode": "managed",
      "type": "aws_s3_bucket",
      "name": "script_bucket",
      "provider": "provider[\"registry.terraform.io/hashicorp/aws\"]",
      "instances": [
        {
          "schema_version": 0,
          "attributes": {
            "acceleration_status": "",
            "acl": null,
            "arn": "arn:aws:s3:::scripts-lazars",
            "bucket": "scripts-lazars",
            "bucket_domain_name": "scripts-lazars.s3.amazonaws.com",
            "bucket_prefix": "",
            "bucket_regional_domain_name": "scripts-lazars.s3.eu-north-1.amazonaws.com",
            "cors_rule": [],
            "force_destroy": false,
            "grant": [
              {
                "id": "922348abb591d25cd729c6973abef0d9e990f98cd3f760dace15a071f8d98559",
                "permissions": [
                  "FULL_CONTROL"
                ],
                "type": "CanonicalUser",
                "uri": ""
              }
            ],
            "hosted_zone_id": "Z3BAZG2TWCNX0D",
            "id": "scripts-lazars",
            "lifecycle_rule": [],
            "logging": [],
            "object_lock_configuration": [],
            "object_lock_enabled": false,
            "policy": "",
            "region": "eu-north-1",
            "replication_configuration": [],
            "request_payer": "BucketOwner",
            "server_side_encryption_configuration": [
              {
                "rule": [
                  {
                    "apply_server_side_encryption_by_default": [
                      {
                        "kms_master_key_id": "",
                        "sse_algorithm": "AES256"
                      }
                    ],
                    "bucket_key_enabled": false
                  }
                ]
              }
            ],
            "tags": {
              "Name": "Script"
            },
            "tags_all": {
              "Name": "Script"
            },
            "timeouts": null,
            "versioning": [
              {
                "enabled": false,
                "mfa_delete": false
              }
            ],
            "website": [],
            "website_domain": null,
            "website_endpoint": null
          },
          "sensitive_attributes": [],
          "private": "eyJlMmJmYjczMC1lY2FhLTExZTYtOGY4OC0zNDM2M2JjN2M0YzAiOnsiY3JlYXRlIjoxMjAwMDAwMDAwMDAwLCJkZWxldGUiOjM2MDAwMDAwMDAwMDAsInJlYWQiOjEyMDAwMDAwMDAwMDAsInVwZGF0ZSI6MTIwMDAwMDAwMDAwMH19"
        }
      ]
    },
    {
      "module": "module.s3",
      "mode": "managed",
      "type": "aws_s3_bucket",
      "name": "weather_bucket",
      "provider": "provider[\"registry.terraform.io/hashicorp/aws\"]",
      "instances": [
        {
          "schema_version": 0,
          "attributes": {
            "acceleration_status": "",
            "acl": null,
            "arn": "arn:aws:s3:::weather-lazars",
            "bucket": "weather-lazars",
            "bucket_domain_name": "weather-lazars.s3.amazonaws.com",
            "bucket_prefix": "",
            "bucket_regional_domain_name": "weather-lazars.s3.eu-north-1.amazonaws.com",
            "cors_rule": [],
            "force_destroy": false,
            "grant": [
              {
                "id": "922348abb591d25cd729c6973abef0d9e990f98cd3f760dace15a071f8d98559",
                "permissions": [
                  "FULL_CONTROL"
                ],
                "type": "CanonicalUser",
                "uri": ""
              }
            ],
            "hosted_zone_id": "Z3BAZG2TWCNX0D",
            "id": "weather-lazars",
            "lifecycle_rule": [],
            "logging": [],
            "object_lock_configuration": [],
            "object_lock_enabled": false,
            "policy": "{\"Statement\":[{\"Action\":[\"s3:PutObjectAcl\",\"s3:PutObject\"],\"Effect\":\"Allow\",\"Principal\":{\"AWS\":\"arn:aws:iam::593793068814:role/Lambda_Role_Everything\"},\"Resource\":\"arn:aws:s3:::weather-lazars/*\"}],\"Version\":\"2012-10-17\"}",
            "region": "eu-north-1",
            "replication_configuration": [],
            "request_payer": "BucketOwner",
            "server_side_encryption_configuration": [
              {
                "rule": [
                  {
                    "apply_server_side_encryption_by_default": [
                      {
                        "kms_master_key_id": "",
                        "sse_algorithm": "AES256"
                      }
                    ],
                    "bucket_key_enabled": false
                  }
                ]
              }
            ],
            "tags": {
              "Name": "Weather"
            },
            "tags_all": {
              "Name": "Weather"
            },
            "timeouts": null,
            "versioning": [
              {
                "enabled": false,
                "mfa_delete": false
              }
            ],
            "website": [],
            "website_domain": null,
            "website_endpoint": null
          },
          "sensitive_attributes": [],
          "private": "eyJlMmJmYjczMC1lY2FhLTExZTYtOGY4OC0zNDM2M2JjN2M0YzAiOnsiY3JlYXRlIjoxMjAwMDAwMDAwMDAwLCJkZWxldGUiOjM2MDAwMDAwMDAwMDAsInJlYWQiOjEyMDAwMDAwMDAwMDAsInVwZGF0ZSI6MTIwMDAwMDAwMDAwMH19"
        }
      ]
    },
    {
      "module": "module.s3",
      "mode": "managed",
      "type": "aws_s3_bucket_notification",
      "name": "weather_notification",
      "provider": "provider[\"registry.terraform.io/hashicorp/aws\"]",
      "instances": [
        {
          "schema_version": 0,
          "attributes": {
            "bucket": "weather-lazars",
            "eventbridge": false,
            "id": "weather-lazars",
            "lambda_function": [],
            "queue": [
              {
                "events": [
                  "s3:ObjectCreated:*"
                ],
                "filter_prefix": "",
                "filter_suffix": "",
                "id": "tf-s3-queue-20241125114245009000000005",
                "queue_arn": "arn:aws:sqs:eu-north-1:593793068814:sqs_notification"
              }
            ],
            "topic": []
          },
          "sensitive_attributes": [],
          "private": "bnVsbA==",
          "dependencies": [
            "module.s3.aws_s3_bucket.weather_bucket",
            "module.sqs.aws_sqs_queue.dlq",
            "module.sqs.aws_sqs_queue.s3_notification_sqs"
          ]
        }
      ]
    },
    {
      "module": "module.s3",
      "mode": "managed",
      "type": "aws_s3_bucket_policy",
      "name": "s3_policy",
      "provider": "provider[\"registry.terraform.io/hashicorp/aws\"]",
      "instances": [
        {
          "schema_version": 0,
          "attributes": {
            "bucket": "weather-lazars",
            "id": "weather-lazars",
            "policy": "{\"Statement\":[{\"Action\":[\"s3:PutObjectAcl\",\"s3:PutObject\"],\"Effect\":\"Allow\",\"Principal\":{\"AWS\":\"arn:aws:iam::593793068814:role/Lambda_Role_Everything\"},\"Resource\":\"arn:aws:s3:::weather-lazars/*\"}],\"Version\":\"2012-10-17\"}"
          },
          "sensitive_attributes": [],
          "private": "bnVsbA==",
          "dependencies": [
            "module.iam.aws_iam_role.lambda_role",
            "module.s3.aws_s3_bucket.weather_bucket",
            "module.s3.data.aws_iam_policy_document.s3"
          ]
        }
      ]
    },
    {
      "module": "module.s3",
      "mode": "managed",
      "type": "aws_s3_object",
      "name": "proccess_data_script",
      "provider": "provider[\"registry.terraform.io/hashicorp/aws\"]",
      "instances": [
        {
          "schema_version": 0,
          "attributes": {
            "acl": null,
            "arn": "arn:aws:s3:::scripts-lazars/process_data.py",
            "bucket": "scripts-lazars",
            "bucket_key_enabled": false,
            "cache_control": "",
            "checksum_algorithm": null,
            "checksum_crc32": "",
            "checksum_crc32c": "",
            "checksum_sha1": "",
            "checksum_sha256": "",
            "content": null,
            "content_base64": null,
            "content_disposition": "",
            "content_encoding": "",
            "content_language": "",
            "content_type": "application/octet-stream",
            "etag": "e1d113dfaedd45910cad83b0908479af",
            "force_destroy": false,
            "id": "process_data.py",
            "key": "process_data.py",
            "kms_key_id": null,
            "metadata": {},
            "object_lock_legal_hold_status": "",
            "object_lock_mode": "",
            "object_lock_retain_until_date": "",
            "override_provider": [],
            "server_side_encryption": "AES256",
            "source": "./../src/scripts/process_data.py",
            "source_hash": null,
            "storage_class": "STANDARD",
            "tags": {},
            "tags_all": {},
            "version_id": "",
            "website_redirect": ""
          },
          "sensitive_attributes": [],
          "private": "bnVsbA==",
          "dependencies": [
            "module.s3.aws_s3_bucket.script_bucket"
          ]
        }
      ]
    },
    {
      "module": "module.sqs",
      "mode": "data",
      "type": "aws_iam_policy_document",
      "name": "queue",
      "provider": "provider[\"registry.terraform.io/hashicorp/aws\"]",
      "instances": [
        {
          "schema_version": 0,
          "attributes": {
            "id": "3712778403",
            "json": "{\n  \"Version\": \"2012-10-17\",\n  \"Statement\": [\n    {\n      \"Effect\": \"Allow\",\n      \"Action\": \"sqs:SendMessage\",\n      \"Resource\": \"arn:aws:sqs:eu-north-1:593793068814:sqs_notification\",\n      \"Principal\": {\n        \"Service\": \"s3.amazonaws.com\"\n      },\n      \"Condition\": {\n        \"ArnEquals\": {\n          \"aws:SourceArn\": \"arn:aws:s3:::weather-lazars\"\n        }\n      }\n    }\n  ]\n}",
            "minified_json": "{\"Version\":\"2012-10-17\",\"Statement\":[{\"Effect\":\"Allow\",\"Action\":\"sqs:SendMessage\",\"Resource\":\"arn:aws:sqs:eu-north-1:593793068814:sqs_notification\",\"Principal\":{\"Service\":\"s3.amazonaws.com\"},\"Condition\":{\"ArnEquals\":{\"aws:SourceArn\":\"arn:aws:s3:::weather-lazars\"}}}]}",
            "override_json": null,
            "override_policy_documents": null,
            "policy_id": null,
            "source_json": null,
            "source_policy_documents": null,
            "statement": [
              {
                "actions": [
                  "sqs:SendMessage"
                ],
                "condition": [
                  {
                    "test": "ArnEquals",
                    "values": [
                      "arn:aws:s3:::weather-lazars"
                    ],
                    "variable": "aws:SourceArn"
                  }
                ],
                "effect": "Allow",
                "not_actions": [],
                "not_principals": [],
                "not_resources": [],
                "principals": [
                  {
                    "identifiers": [
                      "s3.amazonaws.com"
                    ],
                    "type": "Service"
                  }
                ],
                "resources": [
                  "arn:aws:sqs:eu-north-1:593793068814:sqs_notification"
                ],
                "sid": ""
              }
            ],
            "version": "2012-10-17"
          },
          "sensitive_attributes": []
        }
      ]
    },
    {
      "module": "module.sqs",
      "mode": "managed",
      "type": "aws_sqs_queue",
      "name": "dlq",
      "provider": "provider[\"registry.terraform.io/hashicorp/aws\"]",
      "instances": [
        {
          "schema_version": 0,
          "attributes": {
            "arn": "arn:aws:sqs:eu-north-1:593793068814:sqs_deadq",
            "content_based_deduplication": false,
            "deduplication_scope": "",
            "delay_seconds": 0,
            "fifo_queue": false,
            "fifo_throughput_limit": "",
            "id": "https://sqs.eu-north-1.amazonaws.com/593793068814/sqs_deadq",
            "kms_data_key_reuse_period_seconds": 300,
            "kms_master_key_id": "",
            "max_message_size": 262144,
            "message_retention_seconds": 345600,
            "name": "sqs_deadq",
            "name_prefix": "",
            "policy": "",
            "receive_wait_time_seconds": 0,
            "redrive_allow_policy": "",
            "redrive_policy": "",
            "sqs_managed_sse_enabled": true,
            "tags": {},
            "tags_all": {},
            "url": "https://sqs.eu-north-1.amazonaws.com/593793068814/sqs_deadq",
            "visibility_timeout_seconds": 30
          },
          "sensitive_attributes": [],
          "private": "bnVsbA=="
        }
      ]
    },
    {
      "module": "module.sqs",
      "mode": "managed",
      "type": "aws_sqs_queue",
      "name": "s3_notification_sqs",
      "provider": "provider[\"registry.terraform.io/hashicorp/aws\"]",
      "instances": [
        {
          "schema_version": 0,
          "attributes": {
            "arn": "arn:aws:sqs:eu-north-1:593793068814:sqs_notification",
            "content_based_deduplication": false,
            "deduplication_scope": "",
            "delay_seconds": 0,
            "fifo_queue": false,
            "fifo_throughput_limit": "",
            "id": "https://sqs.eu-north-1.amazonaws.com/593793068814/sqs_notification",
            "kms_data_key_reuse_period_seconds": 300,
            "kms_master_key_id": "",
            "max_message_size": 262144,
            "message_retention_seconds": 345600,
            "name": "sqs_notification",
            "name_prefix": "",
            "policy": "{\"Statement\":[{\"Action\":\"sqs:SendMessage\",\"Condition\":{\"ArnEquals\":{\"aws:SourceArn\":\"arn:aws:s3:::weather-lazars\"}},\"Effect\":\"Allow\",\"Principal\":{\"Service\":\"s3.amazonaws.com\"},\"Resource\":\"arn:aws:sqs:eu-north-1:593793068814:sqs_notification\"}],\"Version\":\"2012-10-17\"}",
            "receive_wait_time_seconds": 0,
            "redrive_allow_policy": "",
            "redrive_policy": "{\"deadLetterTargetArn\":\"arn:aws:sqs:eu-north-1:593793068814:sqs_deadq\",\"maxReceiveCount\":3}",
            "sqs_managed_sse_enabled": true,
            "tags": {},
            "tags_all": {},
            "url": "https://sqs.eu-north-1.amazonaws.com/593793068814/sqs_notification",
            "visibility_timeout_seconds": 30
          },
          "sensitive_attributes": [],
          "private": "bnVsbA==",
          "dependencies": [
            "module.sqs.aws_sqs_queue.dlq"
          ]
        }
      ]
    },
    {
      "module": "module.sqs",
      "mode": "managed",
      "type": "aws_sqs_queue_policy",
      "name": "sqs_policy",
      "provider": "provider[\"registry.terraform.io/hashicorp/aws\"]",
      "instances": [
        {
          "schema_version": 1,
          "attributes": {
            "id": "https://sqs.eu-north-1.amazonaws.com/593793068814/sqs_notification",
            "policy": "{\"Statement\":[{\"Action\":\"sqs:SendMessage\",\"Condition\":{\"ArnEquals\":{\"aws:SourceArn\":\"arn:aws:s3:::weather-lazars\"}},\"Effect\":\"Allow\",\"Principal\":{\"Service\":\"s3.amazonaws.com\"},\"Resource\":\"arn:aws:sqs:eu-north-1:593793068814:sqs_notification\"}],\"Version\":\"2012-10-17\"}",
            "queue_url": "https://sqs.eu-north-1.amazonaws.com/593793068814/sqs_notification"
          },
          "sensitive_attributes": [],
          "private": "eyJzY2hlbWFfdmVyc2lvbiI6IjEifQ==",
          "dependencies": [
            "module.s3.aws_s3_bucket.weather_bucket",
            "module.sqs.aws_sqs_queue.dlq",
            "module.sqs.aws_sqs_queue.s3_notification_sqs",
            "module.sqs.data.aws_iam_policy_document.queue"
          ]
        }
      ]
    }
  ],
  "check_results": null
}
